Microsoft Visual Studio Solution File, Format Version 12.00
# Visual Studio 2015
Project("{8BC9CEB8-8B4A-11D0-8D11-00A0C91BC942}") = "etw_manifest", "etw_manifest.vcxproj", "{90B4CA71-4B17-B241-8F86-C9161F4B0386}"
EndProject
Global
	GlobalSection(SolutionConfigurationPlatforms) = preSolution
		Debug|x64 = Debug|x64
		Debug|Win32 = Debug|Win32
		Release|x64 = Release|x64
		Release|Win32 = Release|Win32
	EndGlobalSection
	GlobalSection(ProjectConfigurationPlatforms) = postSolution
		{90B4CA71-4B17-B241-8F86-C9161F4B0386}.Debug|x64.ActiveCfg = Debug|x64
		{90B4CA71-4B17-B241-8F86-C9161F4B0386}.Debug|x64.Build.0 = Debug|x64
		{90B4CA71-4B17-B241-8F86-C9161F4B0386}.Debug|Win32.ActiveCfg = Debug|Win32
		{90B4CA71-4B17-B241-8F86-C9161F4B0386}.Debug|Win32.Build.0 = Debug|Win32
		{90B4CA71-4B17-B241-8F86-C9161F4B0386}.Release|x64.ActiveCfg = Release|x64
		{90B4CA71-4B17-B241-8F86-C9161F4B0386}.Release|x64.Build.0 = Release|x64
		{90B4CA71-4B17-B241-8F86-C9161F4B0386}.Release|Win32.ActiveCfg = Release|Win32
		{90B4CA71-4B17-B241-8F86-C9161F4B0386}.Release|Win32.Build.0 = Release|Win32
	EndGlobalSection
	GlobalSection(SolutionProperties) = preSolution
		HideSolutionNode = FALSE
	EndGlobalSection
EndGlobal
