Microsoft Visual Studio Solution File, Format Version 12.00
# Visual Studio 2015
Project("{8BC9CEB8-8B4A-11D0-8D11-00A0C91BC942}") = "gtest_main_nacl", "gtest_main_nacl.vcxproj", "{89A9A302-CE86-564B-4EAE-5A43A2FBF459}"
EndProject
Project("{8BC9CEB8-8B4A-11D0-8D11-00A0C91BC942}") = "gtest_nacl", "gtest_nacl.vcxproj", "{2C1B2F61-03C8-5B41-AD6F-0494076C5369}"
EndProject
Global
	GlobalSection(SolutionConfigurationPlatforms) = preSolution
		Debug|x64 = Debug|x64
		Debug|Win32 = Debug|Win32
		Release|x64 = Release|x64
		Release|Win32 = Release|Win32
	EndGlobalSection
	GlobalSection(ProjectConfigurationPlatforms) = postSolution
		{2C1B2F61-03C8-5B41-AD6F-0494076C5369}.Debug|x64.ActiveCfg = Debug|x64
		{2C1B2F61-03C8-5B41-AD6F-0494076C5369}.Debug|x64.Build.0 = Debug|x64
		{2C1B2F61-03C8-5B41-AD6F-0494076C5369}.Debug|Win32.ActiveCfg = Debug|Win32
		{2C1B2F61-03C8-5B41-AD6F-0494076C5369}.Debug|Win32.Build.0 = Debug|Win32
		{2C1B2F61-03C8-5B41-AD6F-0494076C5369}.Release|x64.ActiveCfg = Release|x64
		{2C1B2F61-03C8-5B41-AD6F-0494076C5369}.Release|x64.Build.0 = Release|x64
		{2C1B2F61-03C8-5B41-AD6F-0494076C5369}.Release|Win32.ActiveCfg = Release|Win32
		{2C1B2F61-03C8-5B41-AD6F-0494076C5369}.Release|Win32.Build.0 = Release|Win32
		{89A9A302-CE86-564B-4EAE-5A43A2FBF459}.Debug|x64.ActiveCfg = Debug|x64
		{89A9A302-CE86-564B-4EAE-5A43A2FBF459}.Debug|x64.Build.0 = Debug|x64
		{89A9A302-CE86-564B-4EAE-5A43A2FBF459}.Debug|Win32.ActiveCfg = Debug|Win32
		{89A9A302-CE86-564B-4EAE-5A43A2FBF459}.Debug|Win32.Build.0 = Debug|Win32
		{89A9A302-CE86-564B-4EAE-5A43A2FBF459}.Release|x64.ActiveCfg = Release|x64
		{89A9A302-CE86-564B-4EAE-5A43A2FBF459}.Release|x64.Build.0 = Release|x64
		{89A9A302-CE86-564B-4EAE-5A43A2FBF459}.Release|Win32.ActiveCfg = Release|Win32
		{89A9A302-CE86-564B-4EAE-5A43A2FBF459}.Release|Win32.Build.0 = Release|Win32
	EndGlobalSection
	GlobalSection(SolutionProperties) = preSolution
		HideSolutionNode = FALSE
	EndGlobalSection
EndGlobal
