Microsoft Visual Studio Solution File, Format Version 12.00
# Visual Studio 2015
Project("{2150E333-8FDC-42A3-9474-1A3956D46DE8}") = "(allocator)", "..\..\..\base\allocator", "{6478B9F3-4858-63F4-35F4-98A303E305F3}"
EndProject
Project("{2150E333-8FDC-42A3-9474-1A3956D46DE8}") = "(base)", "..\..\..\base", "{9785FB75-982A-5DE3-252D-3F288B9FEF5B}"
EndProject
Project("{2150E333-8FDC-42A3-9474-1A3956D46DE8}") = "(testing)", "..\..\..\testing", "{EAC80D00-01D2-3F49-A377-20B7154947F3}"
EndProject
Project("{2150E333-8FDC-42A3-9474-1A3956D46DE8}") = "(third_party)", "..\..\..\base\third_party", "{3E7FA5AF-27B3-2DE0-883C-12F98E7F4E81}"
EndProject
Project("{8BC9CEB8-8B4A-11D0-8D11-00A0C91BC942}") = "allocator", "allocator.vcxproj", "{0FA93F94-AA58-FB4D-0988-6519F2039FAA}"
EndProject
Project("{8BC9CEB8-8B4A-11D0-8D11-00A0C91BC942}") = "allocator_extension_thunks", "allocator_extension_thunks.vcxproj", "{2EFAF077-CDB1-EF96-9C1B-8CA76202A665}"
EndProject
Project("{8BC9CEB8-8B4A-11D0-8D11-00A0C91BC942}") = "allocator_extension_thunks_win64", "allocator_extension_thunks_win64.vcxproj", "{5E58C67E-C308-F3CA-157E-1458F10E4534}"
EndProject
Project("{8BC9CEB8-8B4A-11D0-8D11-00A0C91BC942}") = "allocator_unittests", "allocator_unittests.vcxproj", "{31626A6D-3F0A-0B70-678A-5D3101DF5CBC}"
EndProject
Project("{8BC9CEB8-8B4A-11D0-8D11-00A0C91BC942}") = "dynamic_annotations", "..\third_party\dynamic_annotations\dynamic_annotations.vcxproj", "{4841437C-C7AA-CE14-428B-BA11188EDFEC}"
EndProject
Project("{8BC9CEB8-8B4A-11D0-8D11-00A0C91BC942}") = "gtest", "..\..\testing\gtest.vcxproj", "{2DEBD7FC-8EA2-2F82-6828-B046251651C7}"
EndProject
Project("{8BC9CEB8-8B4A-11D0-8D11-00A0C91BC942}") = "gtest_prod", "..\..\testing\gtest_prod.vcxproj", "{EF55C498-A63B-025C-F611-21E09ADC010B}"
EndProject
Project("{8BC9CEB8-8B4A-11D0-8D11-00A0C91BC942}") = "libcmt", "libcmt.vcxproj", "{BCCA90AF-D37E-F332-84D2-484CEC681221}"
EndProject
Global
	GlobalSection(SolutionConfigurationPlatforms) = preSolution
		Debug|x64 = Debug|x64
		Debug|Win32 = Debug|Win32
		Release|x64 = Release|x64
		Release|Win32 = Release|Win32
	EndGlobalSection
	GlobalSection(ProjectConfigurationPlatforms) = postSolution
		{0FA93F94-AA58-FB4D-0988-6519F2039FAA}.Debug|x64.ActiveCfg = Debug|x64
		{0FA93F94-AA58-FB4D-0988-6519F2039FAA}.Debug|x64.Build.0 = Debug|x64
		{0FA93F94-AA58-FB4D-0988-6519F2039FAA}.Debug|Win32.ActiveCfg = Debug|Win32
		{0FA93F94-AA58-FB4D-0988-6519F2039FAA}.Debug|Win32.Build.0 = Debug|Win32
		{0FA93F94-AA58-FB4D-0988-6519F2039FAA}.Release|x64.ActiveCfg = Release|x64
		{0FA93F94-AA58-FB4D-0988-6519F2039FAA}.Release|x64.Build.0 = Release|x64
		{0FA93F94-AA58-FB4D-0988-6519F2039FAA}.Release|Win32.ActiveCfg = Release|Win32
		{0FA93F94-AA58-FB4D-0988-6519F2039FAA}.Release|Win32.Build.0 = Release|Win32
		{2DEBD7FC-8EA2-2F82-6828-B046251651C7}.Debug|x64.ActiveCfg = Debug|x64
		{2DEBD7FC-8EA2-2F82-6828-B046251651C7}.Debug|x64.Build.0 = Debug|x64
		{2DEBD7FC-8EA2-2F82-6828-B046251651C7}.Debug|Win32.ActiveCfg = Debug|Win32
		{2DEBD7FC-8EA2-2F82-6828-B046251651C7}.Debug|Win32.Build.0 = Debug|Win32
		{2DEBD7FC-8EA2-2F82-6828-B046251651C7}.Release|x64.ActiveCfg = Release|x64
		{2DEBD7FC-8EA2-2F82-6828-B046251651C7}.Release|x64.Build.0 = Release|x64
		{2DEBD7FC-8EA2-2F82-6828-B046251651C7}.Release|Win32.ActiveCfg = Release|Win32
		{2DEBD7FC-8EA2-2F82-6828-B046251651C7}.Release|Win32.Build.0 = Release|Win32
		{2EFAF077-CDB1-EF96-9C1B-8CA76202A665}.Debug|x64.ActiveCfg = Debug|x64
		{2EFAF077-CDB1-EF96-9C1B-8CA76202A665}.Debug|x64.Build.0 = Debug|x64
		{2EFAF077-CDB1-EF96-9C1B-8CA76202A665}.Debug|Win32.ActiveCfg = Debug|Win32
		{2EFAF077-CDB1-EF96-9C1B-8CA76202A665}.Debug|Win32.Build.0 = Debug|Win32
		{2EFAF077-CDB1-EF96-9C1B-8CA76202A665}.Release|x64.ActiveCfg = Release|x64
		{2EFAF077-CDB1-EF96-9C1B-8CA76202A665}.Release|x64.Build.0 = Release|x64
		{2EFAF077-CDB1-EF96-9C1B-8CA76202A665}.Release|Win32.ActiveCfg = Release|Win32
		{2EFAF077-CDB1-EF96-9C1B-8CA76202A665}.Release|Win32.Build.0 = Release|Win32
		{31626A6D-3F0A-0B70-678A-5D3101DF5CBC}.Debug|x64.ActiveCfg = Debug|x64
		{31626A6D-3F0A-0B70-678A-5D3101DF5CBC}.Debug|x64.Build.0 = Debug|x64
		{31626A6D-3F0A-0B70-678A-5D3101DF5CBC}.Debug|Win32.ActiveCfg = Debug|Win32
		{31626A6D-3F0A-0B70-678A-5D3101DF5CBC}.Debug|Win32.Build.0 = Debug|Win32
		{31626A6D-3F0A-0B70-678A-5D3101DF5CBC}.Release|x64.ActiveCfg = Release|x64
		{31626A6D-3F0A-0B70-678A-5D3101DF5CBC}.Release|x64.Build.0 = Release|x64
		{31626A6D-3F0A-0B70-678A-5D3101DF5CBC}.Release|Win32.ActiveCfg = Release|Win32
		{31626A6D-3F0A-0B70-678A-5D3101DF5CBC}.Release|Win32.Build.0 = Release|Win32
		{4841437C-C7AA-CE14-428B-BA11188EDFEC}.Debug|x64.ActiveCfg = Debug|x64
		{4841437C-C7AA-CE14-428B-BA11188EDFEC}.Debug|x64.Build.0 = Debug|x64
		{4841437C-C7AA-CE14-428B-BA11188EDFEC}.Debug|Win32.ActiveCfg = Debug|Win32
		{4841437C-C7AA-CE14-428B-BA11188EDFEC}.Debug|Win32.Build.0 = Debug|Win32
		{4841437C-C7AA-CE14-428B-BA11188EDFEC}.Release|x64.ActiveCfg = Release|x64
		{4841437C-C7AA-CE14-428B-BA11188EDFEC}.Release|x64.Build.0 = Release|x64
		{4841437C-C7AA-CE14-428B-BA11188EDFEC}.Release|Win32.ActiveCfg = Release|Win32
		{4841437C-C7AA-CE14-428B-BA11188EDFEC}.Release|Win32.Build.0 = Release|Win32
		{5E58C67E-C308-F3CA-157E-1458F10E4534}.Debug|x64.ActiveCfg = Debug|x64
		{5E58C67E-C308-F3CA-157E-1458F10E4534}.Debug|x64.Build.0 = Debug|x64
		{5E58C67E-C308-F3CA-157E-1458F10E4534}.Debug|Win32.ActiveCfg = Debug|x64
		{5E58C67E-C308-F3CA-157E-1458F10E4534}.Debug|Win32.Build.0 = Debug|x64
		{5E58C67E-C308-F3CA-157E-1458F10E4534}.Release|x64.ActiveCfg = Release|x64
		{5E58C67E-C308-F3CA-157E-1458F10E4534}.Release|x64.Build.0 = Release|x64
		{5E58C67E-C308-F3CA-157E-1458F10E4534}.Release|Win32.ActiveCfg = Release|x64
		{5E58C67E-C308-F3CA-157E-1458F10E4534}.Release|Win32.Build.0 = Release|x64
		{BCCA90AF-D37E-F332-84D2-484CEC681221}.Debug|x64.ActiveCfg = Debug|x64
		{BCCA90AF-D37E-F332-84D2-484CEC681221}.Debug|x64.Build.0 = Debug|x64
		{BCCA90AF-D37E-F332-84D2-484CEC681221}.Debug|Win32.ActiveCfg = Debug|Win32
		{BCCA90AF-D37E-F332-84D2-484CEC681221}.Debug|Win32.Build.0 = Debug|Win32
		{BCCA90AF-D37E-F332-84D2-484CEC681221}.Release|x64.ActiveCfg = Release|x64
		{BCCA90AF-D37E-F332-84D2-484CEC681221}.Release|x64.Build.0 = Release|x64
		{BCCA90AF-D37E-F332-84D2-484CEC681221}.Release|Win32.ActiveCfg = Release|Win32
		{BCCA90AF-D37E-F332-84D2-484CEC681221}.Release|Win32.Build.0 = Release|Win32
		{EF55C498-A63B-025C-F611-21E09ADC010B}.Debug|x64.ActiveCfg = Debug|x64
		{EF55C498-A63B-025C-F611-21E09ADC010B}.Debug|x64.Build.0 = Debug|x64
		{EF55C498-A63B-025C-F611-21E09ADC010B}.Debug|Win32.ActiveCfg = Debug|Win32
		{EF55C498-A63B-025C-F611-21E09ADC010B}.Debug|Win32.Build.0 = Debug|Win32
		{EF55C498-A63B-025C-F611-21E09ADC010B}.Release|x64.ActiveCfg = Release|x64
		{EF55C498-A63B-025C-F611-21E09ADC010B}.Release|x64.Build.0 = Release|x64
		{EF55C498-A63B-025C-F611-21E09ADC010B}.Release|Win32.ActiveCfg = Release|Win32
		{EF55C498-A63B-025C-F611-21E09ADC010B}.Release|Win32.Build.0 = Release|Win32
	EndGlobalSection
	GlobalSection(SolutionProperties) = preSolution
		HideSolutionNode = FALSE
	EndGlobalSection
	GlobalSection(NestedProjects) = preSolution
		{0FA93F94-AA58-FB4D-0988-6519F2039FAA} = {6478B9F3-4858-63F4-35F4-98A303E305F3}
		{2EFAF077-CDB1-EF96-9C1B-8CA76202A665} = {6478B9F3-4858-63F4-35F4-98A303E305F3}
		{5E58C67E-C308-F3CA-157E-1458F10E4534} = {6478B9F3-4858-63F4-35F4-98A303E305F3}
		{31626A6D-3F0A-0B70-678A-5D3101DF5CBC} = {6478B9F3-4858-63F4-35F4-98A303E305F3}
		{BCCA90AF-D37E-F332-84D2-484CEC681221} = {6478B9F3-4858-63F4-35F4-98A303E305F3}
		{6478B9F3-4858-63F4-35F4-98A303E305F3} = {9785FB75-982A-5DE3-252D-3F288B9FEF5B}
		{3E7FA5AF-27B3-2DE0-883C-12F98E7F4E81} = {9785FB75-982A-5DE3-252D-3F288B9FEF5B}
		{2DEBD7FC-8EA2-2F82-6828-B046251651C7} = {EAC80D00-01D2-3F49-A377-20B7154947F3}
		{EF55C498-A63B-025C-F611-21E09ADC010B} = {EAC80D00-01D2-3F49-A377-20B7154947F3}
		{4841437C-C7AA-CE14-428B-BA11188EDFEC} = {3E7FA5AF-27B3-2DE0-883C-12F98E7F4E81}
	EndGlobalSection
EndGlobal
