Microsoft Visual Studio Solution File, Format Version 12.00
# Visual Studio 2015
Project("{2150E333-8FDC-42A3-9474-1A3956D46DE8}") = "(allocator)", "..\..\..\base\allocator", "{6478B9F3-4858-63F4-35F4-98A303E305F3}"
EndProject
Project("{2150E333-8FDC-42A3-9474-1A3956D46DE8}") = "(base)", "..\..\..\base", "{9785FB75-982A-5DE3-252D-3F288B9FEF5B}"
EndProject
Project("{2150E333-8FDC-42A3-9474-1A3956D46DE8}") = "(perf)", "..\..\..\testing\perf", "{B78937F7-CB7D-D8C8-CF0A-31CB954857B9}"
EndProject
Project("{2150E333-8FDC-42A3-9474-1A3956D46DE8}") = "(testing)", "..\..\..\testing", "{EAC80D00-01D2-3F49-A377-20B7154947F3}"
EndProject
Project("{2150E333-8FDC-42A3-9474-1A3956D46DE8}") = "(third_party)", "..\..\..\base\third_party", "{3E7FA5AF-27B3-2DE0-883C-12F98E7F4E81}"
EndProject
Project("{2150E333-8FDC-42A3-9474-1A3956D46DE8}") = "(third_party)", "..\..\..\third_party", "{89C816A7-DD31-D54C-C69C-5A80E0C49B77}"
EndProject
Project("{2150E333-8FDC-42A3-9474-1A3956D46DE8}") = "(trace_event)", "..\..\..\base\trace_event", "{EBB3592A-71A2-0FDD-CA21-AF40809EFD2A}"
EndProject
Project("{8BC9CEB8-8B4A-11D0-8D11-00A0C91BC942}") = "allocator_extension_thunks", "..\..\base\allocator\allocator_extension_thunks.vcxproj", "{2EFAF077-CDB1-EF96-9C1B-8CA76202A665}"
EndProject
Project("{8BC9CEB8-8B4A-11D0-8D11-00A0C91BC942}") = "base", "..\..\base\base.vcxproj", "{42EAD28E-E7B3-5481-C97D-98253061D959}"
EndProject
Project("{8BC9CEB8-8B4A-11D0-8D11-00A0C91BC942}") = "base_static", "..\..\base\base_static.vcxproj", "{6A8C4EE1-15D3-2792-4A42-19BC5CD5469C}"
EndProject
Project("{8BC9CEB8-8B4A-11D0-8D11-00A0C91BC942}") = "dynamic_annotations", "..\..\base\third_party\dynamic_annotations\dynamic_annotations.vcxproj", "{4841437C-C7AA-CE14-428B-BA11188EDFEC}"
EndProject
Project("{8BC9CEB8-8B4A-11D0-8D11-00A0C91BC942}") = "etw_manifest", "..\..\base\trace_event\etw_manifest\etw_manifest.vcxproj", "{6CAF2881-D0EF-10ED-C0D5-6B6805AC1E85}"
EndProject
Project("{8BC9CEB8-8B4A-11D0-8D11-00A0C91BC942}") = "gtest_prod", "..\gtest_prod.vcxproj", "{EF55C498-A63B-025C-F611-21E09ADC010B}"
EndProject
Project("{8BC9CEB8-8B4A-11D0-8D11-00A0C91BC942}") = "modp_b64", "..\..\third_party\modp_b64\modp_b64.vcxproj", "{ECF8B38B-EAB8-1171-429A-72EA0D5D8C53}"
EndProject
Project("{8BC9CEB8-8B4A-11D0-8D11-00A0C91BC942}") = "perf_test", "perf_test.vcxproj", "{B70C341E-E59E-4EDA-7B52-1910EFCEEA70}"
EndProject
Global
	GlobalSection(SolutionConfigurationPlatforms) = preSolution
		Debug|x64 = Debug|x64
		Debug|Win32 = Debug|Win32
		Release|x64 = Release|x64
		Release|Win32 = Release|Win32
	EndGlobalSection
	GlobalSection(ProjectConfigurationPlatforms) = postSolution
		{2EFAF077-CDB1-EF96-9C1B-8CA76202A665}.Debug|x64.ActiveCfg = Debug|x64
		{2EFAF077-CDB1-EF96-9C1B-8CA76202A665}.Debug|x64.Build.0 = Debug|x64
		{2EFAF077-CDB1-EF96-9C1B-8CA76202A665}.Debug|Win32.ActiveCfg = Debug|Win32
		{2EFAF077-CDB1-EF96-9C1B-8CA76202A665}.Debug|Win32.Build.0 = Debug|Win32
		{2EFAF077-CDB1-EF96-9C1B-8CA76202A665}.Release|x64.ActiveCfg = Release|x64
		{2EFAF077-CDB1-EF96-9C1B-8CA76202A665}.Release|x64.Build.0 = Release|x64
		{2EFAF077-CDB1-EF96-9C1B-8CA76202A665}.Release|Win32.ActiveCfg = Release|Win32
		{2EFAF077-CDB1-EF96-9C1B-8CA76202A665}.Release|Win32.Build.0 = Release|Win32
		{42EAD28E-E7B3-5481-C97D-98253061D959}.Debug|x64.ActiveCfg = Debug|x64
		{42EAD28E-E7B3-5481-C97D-98253061D959}.Debug|x64.Build.0 = Debug|x64
		{42EAD28E-E7B3-5481-C97D-98253061D959}.Debug|Win32.ActiveCfg = Debug|Win32
		{42EAD28E-E7B3-5481-C97D-98253061D959}.Debug|Win32.Build.0 = Debug|Win32
		{42EAD28E-E7B3-5481-C97D-98253061D959}.Release|x64.ActiveCfg = Release|x64
		{42EAD28E-E7B3-5481-C97D-98253061D959}.Release|x64.Build.0 = Release|x64
		{42EAD28E-E7B3-5481-C97D-98253061D959}.Release|Win32.ActiveCfg = Release|Win32
		{42EAD28E-E7B3-5481-C97D-98253061D959}.Release|Win32.Build.0 = Release|Win32
		{4841437C-C7AA-CE14-428B-BA11188EDFEC}.Debug|x64.ActiveCfg = Debug|x64
		{4841437C-C7AA-CE14-428B-BA11188EDFEC}.Debug|x64.Build.0 = Debug|x64
		{4841437C-C7AA-CE14-428B-BA11188EDFEC}.Debug|Win32.ActiveCfg = Debug|Win32
		{4841437C-C7AA-CE14-428B-BA11188EDFEC}.Debug|Win32.Build.0 = Debug|Win32
		{4841437C-C7AA-CE14-428B-BA11188EDFEC}.Release|x64.ActiveCfg = Release|x64
		{4841437C-C7AA-CE14-428B-BA11188EDFEC}.Release|x64.Build.0 = Release|x64
		{4841437C-C7AA-CE14-428B-BA11188EDFEC}.Release|Win32.ActiveCfg = Release|Win32
		{4841437C-C7AA-CE14-428B-BA11188EDFEC}.Release|Win32.Build.0 = Release|Win32
		{6A8C4EE1-15D3-2792-4A42-19BC5CD5469C}.Debug|x64.ActiveCfg = Debug|x64
		{6A8C4EE1-15D3-2792-4A42-19BC5CD5469C}.Debug|x64.Build.0 = Debug|x64
		{6A8C4EE1-15D3-2792-4A42-19BC5CD5469C}.Debug|Win32.ActiveCfg = Debug|Win32
		{6A8C4EE1-15D3-2792-4A42-19BC5CD5469C}.Debug|Win32.Build.0 = Debug|Win32
		{6A8C4EE1-15D3-2792-4A42-19BC5CD5469C}.Release|x64.ActiveCfg = Release|x64
		{6A8C4EE1-15D3-2792-4A42-19BC5CD5469C}.Release|x64.Build.0 = Release|x64
		{6A8C4EE1-15D3-2792-4A42-19BC5CD5469C}.Release|Win32.ActiveCfg = Release|Win32
		{6A8C4EE1-15D3-2792-4A42-19BC5CD5469C}.Release|Win32.Build.0 = Release|Win32
		{6CAF2881-D0EF-10ED-C0D5-6B6805AC1E85}.Debug|x64.ActiveCfg = Debug|x64
		{6CAF2881-D0EF-10ED-C0D5-6B6805AC1E85}.Debug|x64.Build.0 = Debug|x64
		{6CAF2881-D0EF-10ED-C0D5-6B6805AC1E85}.Debug|Win32.ActiveCfg = Debug|Win32
		{6CAF2881-D0EF-10ED-C0D5-6B6805AC1E85}.Debug|Win32.Build.0 = Debug|Win32
		{6CAF2881-D0EF-10ED-C0D5-6B6805AC1E85}.Release|x64.ActiveCfg = Release|x64
		{6CAF2881-D0EF-10ED-C0D5-6B6805AC1E85}.Release|x64.Build.0 = Release|x64
		{6CAF2881-D0EF-10ED-C0D5-6B6805AC1E85}.Release|Win32.ActiveCfg = Release|Win32
		{6CAF2881-D0EF-10ED-C0D5-6B6805AC1E85}.Release|Win32.Build.0 = Release|Win32
		{B70C341E-E59E-4EDA-7B52-1910EFCEEA70}.Debug|x64.ActiveCfg = Debug|x64
		{B70C341E-E59E-4EDA-7B52-1910EFCEEA70}.Debug|x64.Build.0 = Debug|x64
		{B70C341E-E59E-4EDA-7B52-1910EFCEEA70}.Debug|Win32.ActiveCfg = Debug|Win32
		{B70C341E-E59E-4EDA-7B52-1910EFCEEA70}.Debug|Win32.Build.0 = Debug|Win32
		{B70C341E-E59E-4EDA-7B52-1910EFCEEA70}.Release|x64.ActiveCfg = Release|x64
		{B70C341E-E59E-4EDA-7B52-1910EFCEEA70}.Release|x64.Build.0 = Release|x64
		{B70C341E-E59E-4EDA-7B52-1910EFCEEA70}.Release|Win32.ActiveCfg = Release|Win32
		{B70C341E-E59E-4EDA-7B52-1910EFCEEA70}.Release|Win32.Build.0 = Release|Win32
		{ECF8B38B-EAB8-1171-429A-72EA0D5D8C53}.Debug|x64.ActiveCfg = Debug|x64
		{ECF8B38B-EAB8-1171-429A-72EA0D5D8C53}.Debug|x64.Build.0 = Debug|x64
		{ECF8B38B-EAB8-1171-429A-72EA0D5D8C53}.Debug|Win32.ActiveCfg = Debug|Win32
		{ECF8B38B-EAB8-1171-429A-72EA0D5D8C53}.Debug|Win32.Build.0 = Debug|Win32
		{ECF8B38B-EAB8-1171-429A-72EA0D5D8C53}.Release|x64.ActiveCfg = Release|x64
		{ECF8B38B-EAB8-1171-429A-72EA0D5D8C53}.Release|x64.Build.0 = Release|x64
		{ECF8B38B-EAB8-1171-429A-72EA0D5D8C53}.Release|Win32.ActiveCfg = Release|Win32
		{ECF8B38B-EAB8-1171-429A-72EA0D5D8C53}.Release|Win32.Build.0 = Release|Win32
		{EF55C498-A63B-025C-F611-21E09ADC010B}.Debug|x64.ActiveCfg = Debug|x64
		{EF55C498-A63B-025C-F611-21E09ADC010B}.Debug|x64.Build.0 = Debug|x64
		{EF55C498-A63B-025C-F611-21E09ADC010B}.Debug|Win32.ActiveCfg = Debug|Win32
		{EF55C498-A63B-025C-F611-21E09ADC010B}.Debug|Win32.Build.0 = Debug|Win32
		{EF55C498-A63B-025C-F611-21E09ADC010B}.Release|x64.ActiveCfg = Release|x64
		{EF55C498-A63B-025C-F611-21E09ADC010B}.Release|x64.Build.0 = Release|x64
		{EF55C498-A63B-025C-F611-21E09ADC010B}.Release|Win32.ActiveCfg = Release|Win32
		{EF55C498-A63B-025C-F611-21E09ADC010B}.Release|Win32.Build.0 = Release|Win32
	EndGlobalSection
	GlobalSection(SolutionProperties) = preSolution
		HideSolutionNode = FALSE
	EndGlobalSection
	GlobalSection(NestedProjects) = preSolution
		{2EFAF077-CDB1-EF96-9C1B-8CA76202A665} = {6478B9F3-4858-63F4-35F4-98A303E305F3}
		{6478B9F3-4858-63F4-35F4-98A303E305F3} = {9785FB75-982A-5DE3-252D-3F288B9FEF5B}
		{3E7FA5AF-27B3-2DE0-883C-12F98E7F4E81} = {9785FB75-982A-5DE3-252D-3F288B9FEF5B}
		{EBB3592A-71A2-0FDD-CA21-AF40809EFD2A} = {9785FB75-982A-5DE3-252D-3F288B9FEF5B}
		{42EAD28E-E7B3-5481-C97D-98253061D959} = {9785FB75-982A-5DE3-252D-3F288B9FEF5B}
		{6A8C4EE1-15D3-2792-4A42-19BC5CD5469C} = {9785FB75-982A-5DE3-252D-3F288B9FEF5B}
		{B70C341E-E59E-4EDA-7B52-1910EFCEEA70} = {B78937F7-CB7D-D8C8-CF0A-31CB954857B9}
		{B78937F7-CB7D-D8C8-CF0A-31CB954857B9} = {EAC80D00-01D2-3F49-A377-20B7154947F3}
		{EF55C498-A63B-025C-F611-21E09ADC010B} = {EAC80D00-01D2-3F49-A377-20B7154947F3}
		{4841437C-C7AA-CE14-428B-BA11188EDFEC} = {3E7FA5AF-27B3-2DE0-883C-12F98E7F4E81}
		{ECF8B38B-EAB8-1171-429A-72EA0D5D8C53} = {89C816A7-DD31-D54C-C69C-5A80E0C49B77}
		{6CAF2881-D0EF-10ED-C0D5-6B6805AC1E85} = {EBB3592A-71A2-0FDD-CA21-AF40809EFD2A}
	EndGlobalSection
EndGlobal
