Microsoft Visual Studio Solution File, Format Version 12.00
# Visual Studio 2015
Project("{2150E333-8FDC-42A3-9474-1A3956D46DE8}") = "(base)", "..\..\base", "{9785FB75-982A-5DE3-252D-3F288B9FEF5B}"
EndProject
Project("{2150E333-8FDC-42A3-9474-1A3956D46DE8}") = "(icu)", "..\..\third_party\icu", "{2DE59335-96CE-10CA-CDE5-FEC35E3549BB}"
EndProject
Project("{2150E333-8FDC-42A3-9474-1A3956D46DE8}") = "(libevent)", "..\..\third_party\libevent", "{86C304A2-D5BB-4C30-3C85-C9FC9CC9BF43}"
EndProject
Project("{2150E333-8FDC-42A3-9474-1A3956D46DE8}") = "(testing)", "..\..\testing", "{EAC80D00-01D2-3F49-A377-20B7154947F3}"
EndProject
Project("{2150E333-8FDC-42A3-9474-1A3956D46DE8}") = "(third_party)", "..\..\third_party", "{89C816A7-DD31-D54C-C69C-5A80E0C49B77}"
EndProject
Project("{8BC9CEB8-8B4A-11D0-8D11-00A0C91BC942}") = "base_i18n_nacl", "base_i18n_nacl.vcxproj", "{75FDC278-540E-6C24-6607-69AAC7998981}"
EndProject
Project("{8BC9CEB8-8B4A-11D0-8D11-00A0C91BC942}") = "base_nacl", "base_nacl.vcxproj", "{4E4EC3F6-AF54-FF54-C4B9-EE594D132638}"
EndProject
Project("{8BC9CEB8-8B4A-11D0-8D11-00A0C91BC942}") = "base_nacl_nonsfi", "base_nacl_nonsfi.vcxproj", "{9843A1AF-1C40-4814-638E-00B914571C96}"
EndProject
Project("{8BC9CEB8-8B4A-11D0-8D11-00A0C91BC942}") = "event_nacl_nonsfi", "..\third_party\libevent\event_nacl_nonsfi.vcxproj", "{8C56BEB6-4B4A-D940-20F2-0D24136C93FC}"
EndProject
Project("{8BC9CEB8-8B4A-11D0-8D11-00A0C91BC942}") = "gtest_nacl", "..\testing\gtest_nacl.vcxproj", "{2C1B2F61-03C8-5B41-AD6F-0494076C5369}"
EndProject
Project("{8BC9CEB8-8B4A-11D0-8D11-00A0C91BC942}") = "icudata_nacl", "..\third_party\icu\icudata_nacl.vcxproj", "{13ED90CD-CA48-9904-8713-88A16A55A8F3}"
EndProject
Project("{8BC9CEB8-8B4A-11D0-8D11-00A0C91BC942}") = "icui18n_nacl", "..\third_party\icu\icui18n_nacl.vcxproj", "{01761B7A-0DE7-FF60-931D-D48A9731BC95}"
EndProject
Project("{8BC9CEB8-8B4A-11D0-8D11-00A0C91BC942}") = "icuuc_nacl", "..\third_party\icu\icuuc_nacl.vcxproj", "{88CCBC1F-0683-6D86-B7CC-FAC6ED567B24}"
EndProject
Project("{8BC9CEB8-8B4A-11D0-8D11-00A0C91BC942}") = "test_support_base_nacl_nonsfi", "test_support_base_nacl_nonsfi.vcxproj", "{814DD8EB-7E95-D2AC-0CFE-F8C9B0D48C97}"
EndProject
Global
	GlobalSection(SolutionConfigurationPlatforms) = preSolution
		Debug|x64 = Debug|x64
		Debug|Win32 = Debug|Win32
		Release|x64 = Release|x64
		Release|Win32 = Release|Win32
	EndGlobalSection
	GlobalSection(ProjectConfigurationPlatforms) = postSolution
		{01761B7A-0DE7-FF60-931D-D48A9731BC95}.Debug|x64.ActiveCfg = Debug|x64
		{01761B7A-0DE7-FF60-931D-D48A9731BC95}.Debug|x64.Build.0 = Debug|x64
		{01761B7A-0DE7-FF60-931D-D48A9731BC95}.Debug|Win32.ActiveCfg = Debug|Win32
		{01761B7A-0DE7-FF60-931D-D48A9731BC95}.Debug|Win32.Build.0 = Debug|Win32
		{01761B7A-0DE7-FF60-931D-D48A9731BC95}.Release|x64.ActiveCfg = Release|x64
		{01761B7A-0DE7-FF60-931D-D48A9731BC95}.Release|x64.Build.0 = Release|x64
		{01761B7A-0DE7-FF60-931D-D48A9731BC95}.Release|Win32.ActiveCfg = Release|Win32
		{01761B7A-0DE7-FF60-931D-D48A9731BC95}.Release|Win32.Build.0 = Release|Win32
		{13ED90CD-CA48-9904-8713-88A16A55A8F3}.Debug|x64.ActiveCfg = Debug|x64
		{13ED90CD-CA48-9904-8713-88A16A55A8F3}.Debug|x64.Build.0 = Debug|x64
		{13ED90CD-CA48-9904-8713-88A16A55A8F3}.Debug|Win32.ActiveCfg = Debug|Win32
		{13ED90CD-CA48-9904-8713-88A16A55A8F3}.Debug|Win32.Build.0 = Debug|Win32
		{13ED90CD-CA48-9904-8713-88A16A55A8F3}.Release|x64.ActiveCfg = Release|x64
		{13ED90CD-CA48-9904-8713-88A16A55A8F3}.Release|x64.Build.0 = Release|x64
		{13ED90CD-CA48-9904-8713-88A16A55A8F3}.Release|Win32.ActiveCfg = Release|Win32
		{13ED90CD-CA48-9904-8713-88A16A55A8F3}.Release|Win32.Build.0 = Release|Win32
		{2C1B2F61-03C8-5B41-AD6F-0494076C5369}.Debug|x64.ActiveCfg = Debug|x64
		{2C1B2F61-03C8-5B41-AD6F-0494076C5369}.Debug|x64.Build.0 = Debug|x64
		{2C1B2F61-03C8-5B41-AD6F-0494076C5369}.Debug|Win32.ActiveCfg = Debug|Win32
		{2C1B2F61-03C8-5B41-AD6F-0494076C5369}.Debug|Win32.Build.0 = Debug|Win32
		{2C1B2F61-03C8-5B41-AD6F-0494076C5369}.Release|x64.ActiveCfg = Release|x64
		{2C1B2F61-03C8-5B41-AD6F-0494076C5369}.Release|x64.Build.0 = Release|x64
		{2C1B2F61-03C8-5B41-AD6F-0494076C5369}.Release|Win32.ActiveCfg = Release|Win32
		{2C1B2F61-03C8-5B41-AD6F-0494076C5369}.Release|Win32.Build.0 = Release|Win32
		{4E4EC3F6-AF54-FF54-C4B9-EE594D132638}.Debug|x64.ActiveCfg = Debug|x64
		{4E4EC3F6-AF54-FF54-C4B9-EE594D132638}.Debug|x64.Build.0 = Debug|x64
		{4E4EC3F6-AF54-FF54-C4B9-EE594D132638}.Debug|Win32.ActiveCfg = Debug|Win32
		{4E4EC3F6-AF54-FF54-C4B9-EE594D132638}.Debug|Win32.Build.0 = Debug|Win32
		{4E4EC3F6-AF54-FF54-C4B9-EE594D132638}.Release|x64.ActiveCfg = Release|x64
		{4E4EC3F6-AF54-FF54-C4B9-EE594D132638}.Release|x64.Build.0 = Release|x64
		{4E4EC3F6-AF54-FF54-C4B9-EE594D132638}.Release|Win32.ActiveCfg = Release|Win32
		{4E4EC3F6-AF54-FF54-C4B9-EE594D132638}.Release|Win32.Build.0 = Release|Win32
		{75FDC278-540E-6C24-6607-69AAC7998981}.Debug|x64.ActiveCfg = Debug|x64
		{75FDC278-540E-6C24-6607-69AAC7998981}.Debug|x64.Build.0 = Debug|x64
		{75FDC278-540E-6C24-6607-69AAC7998981}.Debug|Win32.ActiveCfg = Debug|Win32
		{75FDC278-540E-6C24-6607-69AAC7998981}.Debug|Win32.Build.0 = Debug|Win32
		{75FDC278-540E-6C24-6607-69AAC7998981}.Release|x64.ActiveCfg = Release|x64
		{75FDC278-540E-6C24-6607-69AAC7998981}.Release|x64.Build.0 = Release|x64
		{75FDC278-540E-6C24-6607-69AAC7998981}.Release|Win32.ActiveCfg = Release|Win32
		{75FDC278-540E-6C24-6607-69AAC7998981}.Release|Win32.Build.0 = Release|Win32
		{814DD8EB-7E95-D2AC-0CFE-F8C9B0D48C97}.Debug|x64.ActiveCfg = Debug|x64
		{814DD8EB-7E95-D2AC-0CFE-F8C9B0D48C97}.Debug|x64.Build.0 = Debug|x64
		{814DD8EB-7E95-D2AC-0CFE-F8C9B0D48C97}.Debug|Win32.ActiveCfg = Debug|Win32
		{814DD8EB-7E95-D2AC-0CFE-F8C9B0D48C97}.Debug|Win32.Build.0 = Debug|Win32
		{814DD8EB-7E95-D2AC-0CFE-F8C9B0D48C97}.Release|x64.ActiveCfg = Release|x64
		{814DD8EB-7E95-D2AC-0CFE-F8C9B0D48C97}.Release|x64.Build.0 = Release|x64
		{814DD8EB-7E95-D2AC-0CFE-F8C9B0D48C97}.Release|Win32.ActiveCfg = Release|Win32
		{814DD8EB-7E95-D2AC-0CFE-F8C9B0D48C97}.Release|Win32.Build.0 = Release|Win32
		{88CCBC1F-0683-6D86-B7CC-FAC6ED567B24}.Debug|x64.ActiveCfg = Debug|x64
		{88CCBC1F-0683-6D86-B7CC-FAC6ED567B24}.Debug|x64.Build.0 = Debug|x64
		{88CCBC1F-0683-6D86-B7CC-FAC6ED567B24}.Debug|Win32.ActiveCfg = Debug|Win32
		{88CCBC1F-0683-6D86-B7CC-FAC6ED567B24}.Debug|Win32.Build.0 = Debug|Win32
		{88CCBC1F-0683-6D86-B7CC-FAC6ED567B24}.Release|x64.ActiveCfg = Release|x64
		{88CCBC1F-0683-6D86-B7CC-FAC6ED567B24}.Release|x64.Build.0 = Release|x64
		{88CCBC1F-0683-6D86-B7CC-FAC6ED567B24}.Release|Win32.ActiveCfg = Release|Win32
		{88CCBC1F-0683-6D86-B7CC-FAC6ED567B24}.Release|Win32.Build.0 = Release|Win32
		{8C56BEB6-4B4A-D940-20F2-0D24136C93FC}.Debug|x64.ActiveCfg = Debug|x64
		{8C56BEB6-4B4A-D940-20F2-0D24136C93FC}.Debug|x64.Build.0 = Debug|x64
		{8C56BEB6-4B4A-D940-20F2-0D24136C93FC}.Debug|Win32.ActiveCfg = Debug|Win32
		{8C56BEB6-4B4A-D940-20F2-0D24136C93FC}.Debug|Win32.Build.0 = Debug|Win32
		{8C56BEB6-4B4A-D940-20F2-0D24136C93FC}.Release|x64.ActiveCfg = Release|x64
		{8C56BEB6-4B4A-D940-20F2-0D24136C93FC}.Release|x64.Build.0 = Release|x64
		{8C56BEB6-4B4A-D940-20F2-0D24136C93FC}.Release|Win32.ActiveCfg = Release|Win32
		{8C56BEB6-4B4A-D940-20F2-0D24136C93FC}.Release|Win32.Build.0 = Release|Win32
		{9843A1AF-1C40-4814-638E-00B914571C96}.Debug|x64.ActiveCfg = Debug|x64
		{9843A1AF-1C40-4814-638E-00B914571C96}.Debug|x64.Build.0 = Debug|x64
		{9843A1AF-1C40-4814-638E-00B914571C96}.Debug|Win32.ActiveCfg = Debug|Win32
		{9843A1AF-1C40-4814-638E-00B914571C96}.Debug|Win32.Build.0 = Debug|Win32
		{9843A1AF-1C40-4814-638E-00B914571C96}.Release|x64.ActiveCfg = Release|x64
		{9843A1AF-1C40-4814-638E-00B914571C96}.Release|x64.Build.0 = Release|x64
		{9843A1AF-1C40-4814-638E-00B914571C96}.Release|Win32.ActiveCfg = Release|Win32
		{9843A1AF-1C40-4814-638E-00B914571C96}.Release|Win32.Build.0 = Release|Win32
	EndGlobalSection
	GlobalSection(SolutionProperties) = preSolution
		HideSolutionNode = FALSE
	EndGlobalSection
	GlobalSection(NestedProjects) = preSolution
		{75FDC278-540E-6C24-6607-69AAC7998981} = {9785FB75-982A-5DE3-252D-3F288B9FEF5B}
		{4E4EC3F6-AF54-FF54-C4B9-EE594D132638} = {9785FB75-982A-5DE3-252D-3F288B9FEF5B}
		{9843A1AF-1C40-4814-638E-00B914571C96} = {9785FB75-982A-5DE3-252D-3F288B9FEF5B}
		{814DD8EB-7E95-D2AC-0CFE-F8C9B0D48C97} = {9785FB75-982A-5DE3-252D-3F288B9FEF5B}
		{13ED90CD-CA48-9904-8713-88A16A55A8F3} = {2DE59335-96CE-10CA-CDE5-FEC35E3549BB}
		{01761B7A-0DE7-FF60-931D-D48A9731BC95} = {2DE59335-96CE-10CA-CDE5-FEC35E3549BB}
		{88CCBC1F-0683-6D86-B7CC-FAC6ED567B24} = {2DE59335-96CE-10CA-CDE5-FEC35E3549BB}
		{8C56BEB6-4B4A-D940-20F2-0D24136C93FC} = {86C304A2-D5BB-4C30-3C85-C9FC9CC9BF43}
		{2C1B2F61-03C8-5B41-AD6F-0494076C5369} = {EAC80D00-01D2-3F49-A377-20B7154947F3}
		{2DE59335-96CE-10CA-CDE5-FEC35E3549BB} = {89C816A7-DD31-D54C-C69C-5A80E0C49B77}
		{86C304A2-D5BB-4C30-3C85-C9FC9CC9BF43} = {89C816A7-DD31-D54C-C69C-5A80E0C49B77}
	EndGlobalSection
EndGlobal
