Microsoft Visual Studio Solution File, Format Version 12.00
# Visual Studio 2015
Project("{2150E333-8FDC-42A3-9474-1A3956D46DE8}") = "(allocator)", "..\..\base\allocator", "{6478B9F3-4858-63F4-35F4-98A303E305F3}"
EndProject
Project("{2150E333-8FDC-42A3-9474-1A3956D46DE8}") = "(base)", "..\..\base", "{9785FB75-982A-5DE3-252D-3F288B9FEF5B}"
EndProject
Project("{2150E333-8FDC-42A3-9474-1A3956D46DE8}") = "(dynamic_annotations)", "..\..\base\third_party\dynamic_annotations", "{EF1E4970-C119-B0D7-F5D6-321C6AE66EDC}"
EndProject
Project("{2150E333-8FDC-42A3-9474-1A3956D46DE8}") = "(icu)", "..\..\third_party\icu", "{2DE59335-96CE-10CA-CDE5-FEC35E3549BB}"
EndProject
Project("{2150E333-8FDC-42A3-9474-1A3956D46DE8}") = "(modp_b64)", "..\..\third_party\modp_b64", "{3DC53144-5334-1B74-C233-23BEE3D8EABD}"
EndProject
Project("{2150E333-8FDC-42A3-9474-1A3956D46DE8}") = "(testing)", "..\..\testing", "{EAC80D00-01D2-3F49-A377-20B7154947F3}"
EndProject
Project("{2150E333-8FDC-42A3-9474-1A3956D46DE8}") = "(third_party)", "..\..\base\third_party", "{3E7FA5AF-27B3-2DE0-883C-12F98E7F4E81}"
EndProject
Project("{2150E333-8FDC-42A3-9474-1A3956D46DE8}") = "(third_party)", "..\..\third_party", "{89C816A7-DD31-D54C-C69C-5A80E0C49B77}"
EndProject
Project("{2150E333-8FDC-42A3-9474-1A3956D46DE8}") = "(trace_event)", "..\..\base\trace_event", "{EBB3592A-71A2-0FDD-CA21-AF40809EFD2A}"
EndProject
Project("{2150E333-8FDC-42A3-9474-1A3956D46DE8}") = "(zlib)", "..\..\third_party\zlib", "{6569004D-CCF6-8392-DB7B-1AC825CE3607}"
EndProject
Project("{8BC9CEB8-8B4A-11D0-8D11-00A0C91BC942}") = "allocator_extension_thunks", "allocator\allocator_extension_thunks.vcxproj", "{2EFAF077-CDB1-EF96-9C1B-8CA76202A665}"
EndProject
Project("{8BC9CEB8-8B4A-11D0-8D11-00A0C91BC942}") = "allocator_extension_thunks_win64", "allocator\allocator_extension_thunks_win64.vcxproj", "{5E58C67E-C308-F3CA-157E-1458F10E4534}"
EndProject
Project("{8BC9CEB8-8B4A-11D0-8D11-00A0C91BC942}") = "base", "base.vcxproj", "{42EAD28E-E7B3-5481-C97D-98253061D959}"
EndProject
Project("{8BC9CEB8-8B4A-11D0-8D11-00A0C91BC942}") = "base_i18n", "base_i18n.vcxproj", "{421C7B06-9F73-ACD1-989A-BB8A8C5EBCFD}"
EndProject
Project("{8BC9CEB8-8B4A-11D0-8D11-00A0C91BC942}") = "base_i18n_nacl_win64", "base_i18n_nacl_win64.vcxproj", "{A1E9D1B8-7580-AABC-122A-668A6B9FC44E}"
EndProject
Project("{8BC9CEB8-8B4A-11D0-8D11-00A0C91BC942}") = "base_i18n_perftests", "base_i18n_perftests.vcxproj", "{E33C9BB1-1F17-82FE-CA5A-A4D7599CDB4B}"
EndProject
Project("{8BC9CEB8-8B4A-11D0-8D11-00A0C91BC942}") = "base_message_loop_tests", "base_message_loop_tests.vcxproj", "{3797413F-7C8B-425B-9584-66B9A329E392}"
EndProject
Project("{8BC9CEB8-8B4A-11D0-8D11-00A0C91BC942}") = "base_perftests", "base_perftests.vcxproj", "{76D4FAE6-D6C2-2659-2ED3-66D295B2B966}"
EndProject
Project("{8BC9CEB8-8B4A-11D0-8D11-00A0C91BC942}") = "base_prefs", "base_prefs.vcxproj", "{39429DF0-CB00-F6E0-66E9-BC97FFFD4ABF}"
EndProject
Project("{8BC9CEB8-8B4A-11D0-8D11-00A0C91BC942}") = "base_prefs_test_support", "base_prefs_test_support.vcxproj", "{C650C332-E523-96BC-D814-7530CBCC614C}"
EndProject
Project("{8BC9CEB8-8B4A-11D0-8D11-00A0C91BC942}") = "base_static", "base_static.vcxproj", "{6A8C4EE1-15D3-2792-4A42-19BC5CD5469C}"
EndProject
Project("{8BC9CEB8-8B4A-11D0-8D11-00A0C91BC942}") = "base_static_win64", "base_static_win64.vcxproj", "{8DFF35A3-A4C4-F136-CAC7-F151744EE259}"
EndProject
Project("{8BC9CEB8-8B4A-11D0-8D11-00A0C91BC942}") = "base_unittests", "base_unittests.vcxproj", "{C2DB81B5-8D43-0AAA-FD91-898186909772}"
EndProject
Project("{8BC9CEB8-8B4A-11D0-8D11-00A0C91BC942}") = "base_unittests_run", "base_unittests_run.vcxproj", "{29FF64F0-4217-3A30-D760-39AFCFF8D137}"
EndProject
Project("{8BC9CEB8-8B4A-11D0-8D11-00A0C91BC942}") = "base_win64", "base_win64.vcxproj", "{C1862796-B7C4-4F42-4F55-59342A6B8C4B}"
EndProject
Project("{8BC9CEB8-8B4A-11D0-8D11-00A0C91BC942}") = "build_utf8_validator_tables", "build_utf8_validator_tables.vcxproj", "{A81EAFA6-6B41-D296-0315-97679AA8BEA8}"
EndProject
Project("{8BC9CEB8-8B4A-11D0-8D11-00A0C91BC942}") = "check_example", "check_example.vcxproj", "{5701F317-696F-6C36-552C-B29AFCE623F9}"
EndProject
Project("{8BC9CEB8-8B4A-11D0-8D11-00A0C91BC942}") = "copy_icudtl_dat", "..\third_party\icu\copy_icudtl_dat.vcxproj", "{2C176693-71D1-6CF6-B49F-79329B5B5993}"
EndProject
Project("{8BC9CEB8-8B4A-11D0-8D11-00A0C91BC942}") = "debug_message", "debug_message.vcxproj", "{76C3688F-00DC-3AF6-6FCE-2945FBD9F8B1}"
EndProject
Project("{8BC9CEB8-8B4A-11D0-8D11-00A0C91BC942}") = "dynamic_annotations", "third_party\dynamic_annotations\dynamic_annotations.vcxproj", "{4841437C-C7AA-CE14-428B-BA11188EDFEC}"
EndProject
Project("{8BC9CEB8-8B4A-11D0-8D11-00A0C91BC942}") = "dynamic_annotations_win64", "third_party\dynamic_annotations\dynamic_annotations_win64.vcxproj", "{66ADC08C-DDCD-671A-4BBB-0DDEE6B53D6F}"
EndProject
Project("{8BC9CEB8-8B4A-11D0-8D11-00A0C91BC942}") = "etw_manifest", "trace_event\etw_manifest\etw_manifest.vcxproj", "{6CAF2881-D0EF-10ED-C0D5-6B6805AC1E85}"
EndProject
Project("{8BC9CEB8-8B4A-11D0-8D11-00A0C91BC942}") = "gmock", "..\testing\gmock.vcxproj", "{3B3776D3-1151-A585-CF92-2233DA36B76F}"
EndProject
Project("{8BC9CEB8-8B4A-11D0-8D11-00A0C91BC942}") = "gtest", "..\testing\gtest.vcxproj", "{2DEBD7FC-8EA2-2F82-6828-B046251651C7}"
EndProject
Project("{8BC9CEB8-8B4A-11D0-8D11-00A0C91BC942}") = "gtest_prod", "..\testing\gtest_prod.vcxproj", "{EF55C498-A63B-025C-F611-21E09ADC010B}"
EndProject
Project("{8BC9CEB8-8B4A-11D0-8D11-00A0C91BC942}") = "icudata", "..\third_party\icu\icudata.vcxproj", "{D8F3E04C-D8AD-E24D-6088-121B5B085886}"
EndProject
Project("{8BC9CEB8-8B4A-11D0-8D11-00A0C91BC942}") = "icui18n", "..\third_party\icu\icui18n.vcxproj", "{440459D3-A435-D36E-1190-024995E9D3FF}"
EndProject
Project("{8BC9CEB8-8B4A-11D0-8D11-00A0C91BC942}") = "icuuc", "..\third_party\icu\icuuc.vcxproj", "{94F32D92-18ED-C445-A73F-A272AA083471}"
EndProject
Project("{8BC9CEB8-8B4A-11D0-8D11-00A0C91BC942}") = "libxml", "..\third_party\libxml\libxml.vcxproj", "{065F8287-0185-8B11-365E-CEA1040C0E0A}"
EndProject
Project("{8BC9CEB8-8B4A-11D0-8D11-00A0C91BC942}") = "modp_b64", "..\third_party\modp_b64\modp_b64.vcxproj", "{ECF8B38B-EAB8-1171-429A-72EA0D5D8C53}"
EndProject
Project("{8BC9CEB8-8B4A-11D0-8D11-00A0C91BC942}") = "modp_b64_win64", "..\third_party\modp_b64\modp_b64_win64.vcxproj", "{5EC60DAC-3532-5B50-C15D-C35F3C85ACA6}"
EndProject
Project("{8BC9CEB8-8B4A-11D0-8D11-00A0C91BC942}") = "pe_image_test", "pe_image_test.vcxproj", "{0C5C4A0B-75DE-BD39-DC88-E5CE3E29EDE2}"
EndProject
Project("{8BC9CEB8-8B4A-11D0-8D11-00A0C91BC942}") = "run_all_unittests", "run_all_unittests.vcxproj", "{D143EB36-0B18-E9D9-C8B7-53D0081876AA}"
EndProject
Project("{8BC9CEB8-8B4A-11D0-8D11-00A0C91BC942}") = "test_launcher_nacl_nonsfi", "test_launcher_nacl_nonsfi.vcxproj", "{B3688145-26DC-CD50-AAB2-2EC5CA85EC89}"
EndProject
Project("{8BC9CEB8-8B4A-11D0-8D11-00A0C91BC942}") = "test_support_base", "test_support_base.vcxproj", "{51AD22BC-B9E7-CD92-7F84-F7CAA9CD3402}"
EndProject
Project("{8BC9CEB8-8B4A-11D0-8D11-00A0C91BC942}") = "test_support_perf", "test_support_perf.vcxproj", "{C297E08B-6ADE-DBC0-C8B3-229187ECCAD7}"
EndProject
Project("{8BC9CEB8-8B4A-11D0-8D11-00A0C91BC942}") = "zlib", "..\third_party\zlib\zlib.vcxproj", "{29FBEB5D-834F-E1AC-A27D-51DB627529EF}"
EndProject
Project("{8BC9CEB8-8B4A-11D0-8D11-00A0C91BC942}") = "zlib_x86_simd", "..\third_party\zlib\zlib_x86_simd.vcxproj", "{7EA8C9B8-9032-EC8A-6C26-25150B0DE758}"
EndProject
Global
	GlobalSection(SolutionConfigurationPlatforms) = preSolution
		Debug|x64 = Debug|x64
		Debug|Win32 = Debug|Win32
		Release|x64 = Release|x64
		Release|Win32 = Release|Win32
	EndGlobalSection
	GlobalSection(ProjectConfigurationPlatforms) = postSolution
		{065F8287-0185-8B11-365E-CEA1040C0E0A}.Debug|x64.ActiveCfg = Debug|x64
		{065F8287-0185-8B11-365E-CEA1040C0E0A}.Debug|x64.Build.0 = Debug|x64
		{065F8287-0185-8B11-365E-CEA1040C0E0A}.Debug|Win32.ActiveCfg = Debug|Win32
		{065F8287-0185-8B11-365E-CEA1040C0E0A}.Debug|Win32.Build.0 = Debug|Win32
		{065F8287-0185-8B11-365E-CEA1040C0E0A}.Release|x64.ActiveCfg = Release|x64
		{065F8287-0185-8B11-365E-CEA1040C0E0A}.Release|x64.Build.0 = Release|x64
		{065F8287-0185-8B11-365E-CEA1040C0E0A}.Release|Win32.ActiveCfg = Release|Win32
		{065F8287-0185-8B11-365E-CEA1040C0E0A}.Release|Win32.Build.0 = Release|Win32
		{0C5C4A0B-75DE-BD39-DC88-E5CE3E29EDE2}.Debug|x64.ActiveCfg = Debug|x64
		{0C5C4A0B-75DE-BD39-DC88-E5CE3E29EDE2}.Debug|x64.Build.0 = Debug|x64
		{0C5C4A0B-75DE-BD39-DC88-E5CE3E29EDE2}.Debug|Win32.ActiveCfg = Debug|Win32
		{0C5C4A0B-75DE-BD39-DC88-E5CE3E29EDE2}.Debug|Win32.Build.0 = Debug|Win32
		{0C5C4A0B-75DE-BD39-DC88-E5CE3E29EDE2}.Release|x64.ActiveCfg = Release|x64
		{0C5C4A0B-75DE-BD39-DC88-E5CE3E29EDE2}.Release|x64.Build.0 = Release|x64
		{0C5C4A0B-75DE-BD39-DC88-E5CE3E29EDE2}.Release|Win32.ActiveCfg = Release|Win32
		{0C5C4A0B-75DE-BD39-DC88-E5CE3E29EDE2}.Release|Win32.Build.0 = Release|Win32
		{29FBEB5D-834F-E1AC-A27D-51DB627529EF}.Debug|x64.ActiveCfg = Debug|x64
		{29FBEB5D-834F-E1AC-A27D-51DB627529EF}.Debug|x64.Build.0 = Debug|x64
		{29FBEB5D-834F-E1AC-A27D-51DB627529EF}.Debug|Win32.ActiveCfg = Debug|Win32
		{29FBEB5D-834F-E1AC-A27D-51DB627529EF}.Debug|Win32.Build.0 = Debug|Win32
		{29FBEB5D-834F-E1AC-A27D-51DB627529EF}.Release|x64.ActiveCfg = Release|x64
		{29FBEB5D-834F-E1AC-A27D-51DB627529EF}.Release|x64.Build.0 = Release|x64
		{29FBEB5D-834F-E1AC-A27D-51DB627529EF}.Release|Win32.ActiveCfg = Release|Win32
		{29FBEB5D-834F-E1AC-A27D-51DB627529EF}.Release|Win32.Build.0 = Release|Win32
		{29FF64F0-4217-3A30-D760-39AFCFF8D137}.Debug|x64.ActiveCfg = Debug|x64
		{29FF64F0-4217-3A30-D760-39AFCFF8D137}.Debug|x64.Build.0 = Debug|x64
		{29FF64F0-4217-3A30-D760-39AFCFF8D137}.Debug|Win32.ActiveCfg = Debug|Win32
		{29FF64F0-4217-3A30-D760-39AFCFF8D137}.Debug|Win32.Build.0 = Debug|Win32
		{29FF64F0-4217-3A30-D760-39AFCFF8D137}.Release|x64.ActiveCfg = Release|x64
		{29FF64F0-4217-3A30-D760-39AFCFF8D137}.Release|x64.Build.0 = Release|x64
		{29FF64F0-4217-3A30-D760-39AFCFF8D137}.Release|Win32.ActiveCfg = Release|Win32
		{29FF64F0-4217-3A30-D760-39AFCFF8D137}.Release|Win32.Build.0 = Release|Win32
		{2C176693-71D1-6CF6-B49F-79329B5B5993}.Debug|x64.ActiveCfg = Debug|x64
		{2C176693-71D1-6CF6-B49F-79329B5B5993}.Debug|x64.Build.0 = Debug|x64
		{2C176693-71D1-6CF6-B49F-79329B5B5993}.Debug|Win32.ActiveCfg = Debug|Win32
		{2C176693-71D1-6CF6-B49F-79329B5B5993}.Debug|Win32.Build.0 = Debug|Win32
		{2C176693-71D1-6CF6-B49F-79329B5B5993}.Release|x64.ActiveCfg = Release|x64
		{2C176693-71D1-6CF6-B49F-79329B5B5993}.Release|x64.Build.0 = Release|x64
		{2C176693-71D1-6CF6-B49F-79329B5B5993}.Release|Win32.ActiveCfg = Release|Win32
		{2C176693-71D1-6CF6-B49F-79329B5B5993}.Release|Win32.Build.0 = Release|Win32
		{2DEBD7FC-8EA2-2F82-6828-B046251651C7}.Debug|x64.ActiveCfg = Debug|x64
		{2DEBD7FC-8EA2-2F82-6828-B046251651C7}.Debug|x64.Build.0 = Debug|x64
		{2DEBD7FC-8EA2-2F82-6828-B046251651C7}.Debug|Win32.ActiveCfg = Debug|Win32
		{2DEBD7FC-8EA2-2F82-6828-B046251651C7}.Debug|Win32.Build.0 = Debug|Win32
		{2DEBD7FC-8EA2-2F82-6828-B046251651C7}.Release|x64.ActiveCfg = Release|x64
		{2DEBD7FC-8EA2-2F82-6828-B046251651C7}.Release|x64.Build.0 = Release|x64
		{2DEBD7FC-8EA2-2F82-6828-B046251651C7}.Release|Win32.ActiveCfg = Release|Win32
		{2DEBD7FC-8EA2-2F82-6828-B046251651C7}.Release|Win32.Build.0 = Release|Win32
		{2EFAF077-CDB1-EF96-9C1B-8CA76202A665}.Debug|x64.ActiveCfg = Debug|x64
		{2EFAF077-CDB1-EF96-9C1B-8CA76202A665}.Debug|x64.Build.0 = Debug|x64
		{2EFAF077-CDB1-EF96-9C1B-8CA76202A665}.Debug|Win32.ActiveCfg = Debug|Win32
		{2EFAF077-CDB1-EF96-9C1B-8CA76202A665}.Debug|Win32.Build.0 = Debug|Win32
		{2EFAF077-CDB1-EF96-9C1B-8CA76202A665}.Release|x64.ActiveCfg = Release|x64
		{2EFAF077-CDB1-EF96-9C1B-8CA76202A665}.Release|x64.Build.0 = Release|x64
		{2EFAF077-CDB1-EF96-9C1B-8CA76202A665}.Release|Win32.ActiveCfg = Release|Win32
		{2EFAF077-CDB1-EF96-9C1B-8CA76202A665}.Release|Win32.Build.0 = Release|Win32
		{3797413F-7C8B-425B-9584-66B9A329E392}.Debug|x64.ActiveCfg = Debug|x64
		{3797413F-7C8B-425B-9584-66B9A329E392}.Debug|x64.Build.0 = Debug|x64
		{3797413F-7C8B-425B-9584-66B9A329E392}.Debug|Win32.ActiveCfg = Debug|Win32
		{3797413F-7C8B-425B-9584-66B9A329E392}.Debug|Win32.Build.0 = Debug|Win32
		{3797413F-7C8B-425B-9584-66B9A329E392}.Release|x64.ActiveCfg = Release|x64
		{3797413F-7C8B-425B-9584-66B9A329E392}.Release|x64.Build.0 = Release|x64
		{3797413F-7C8B-425B-9584-66B9A329E392}.Release|Win32.ActiveCfg = Release|Win32
		{3797413F-7C8B-425B-9584-66B9A329E392}.Release|Win32.Build.0 = Release|Win32
		{39429DF0-CB00-F6E0-66E9-BC97FFFD4ABF}.Debug|x64.ActiveCfg = Debug|x64
		{39429DF0-CB00-F6E0-66E9-BC97FFFD4ABF}.Debug|x64.Build.0 = Debug|x64
		{39429DF0-CB00-F6E0-66E9-BC97FFFD4ABF}.Debug|Win32.ActiveCfg = Debug|Win32
		{39429DF0-CB00-F6E0-66E9-BC97FFFD4ABF}.Debug|Win32.Build.0 = Debug|Win32
		{39429DF0-CB00-F6E0-66E9-BC97FFFD4ABF}.Release|x64.ActiveCfg = Release|x64
		{39429DF0-CB00-F6E0-66E9-BC97FFFD4ABF}.Release|x64.Build.0 = Release|x64
		{39429DF0-CB00-F6E0-66E9-BC97FFFD4ABF}.Release|Win32.ActiveCfg = Release|Win32
		{39429DF0-CB00-F6E0-66E9-BC97FFFD4ABF}.Release|Win32.Build.0 = Release|Win32
		{3B3776D3-1151-A585-CF92-2233DA36B76F}.Debug|x64.ActiveCfg = Debug|x64
		{3B3776D3-1151-A585-CF92-2233DA36B76F}.Debug|x64.Build.0 = Debug|x64
		{3B3776D3-1151-A585-CF92-2233DA36B76F}.Debug|Win32.ActiveCfg = Debug|Win32
		{3B3776D3-1151-A585-CF92-2233DA36B76F}.Debug|Win32.Build.0 = Debug|Win32
		{3B3776D3-1151-A585-CF92-2233DA36B76F}.Release|x64.ActiveCfg = Release|x64
		{3B3776D3-1151-A585-CF92-2233DA36B76F}.Release|x64.Build.0 = Release|x64
		{3B3776D3-1151-A585-CF92-2233DA36B76F}.Release|Win32.ActiveCfg = Release|Win32
		{3B3776D3-1151-A585-CF92-2233DA36B76F}.Release|Win32.Build.0 = Release|Win32
		{421C7B06-9F73-ACD1-989A-BB8A8C5EBCFD}.Debug|x64.ActiveCfg = Debug|x64
		{421C7B06-9F73-ACD1-989A-BB8A8C5EBCFD}.Debug|x64.Build.0 = Debug|x64
		{421C7B06-9F73-ACD1-989A-BB8A8C5EBCFD}.Debug|Win32.ActiveCfg = Debug|Win32
		{421C7B06-9F73-ACD1-989A-BB8A8C5EBCFD}.Debug|Win32.Build.0 = Debug|Win32
		{421C7B06-9F73-ACD1-989A-BB8A8C5EBCFD}.Release|x64.ActiveCfg = Release|x64
		{421C7B06-9F73-ACD1-989A-BB8A8C5EBCFD}.Release|x64.Build.0 = Release|x64
		{421C7B06-9F73-ACD1-989A-BB8A8C5EBCFD}.Release|Win32.ActiveCfg = Release|Win32
		{421C7B06-9F73-ACD1-989A-BB8A8C5EBCFD}.Release|Win32.Build.0 = Release|Win32
		{42EAD28E-E7B3-5481-C97D-98253061D959}.Debug|x64.ActiveCfg = Debug|x64
		{42EAD28E-E7B3-5481-C97D-98253061D959}.Debug|x64.Build.0 = Debug|x64
		{42EAD28E-E7B3-5481-C97D-98253061D959}.Debug|Win32.ActiveCfg = Debug|Win32
		{42EAD28E-E7B3-5481-C97D-98253061D959}.Debug|Win32.Build.0 = Debug|Win32
		{42EAD28E-E7B3-5481-C97D-98253061D959}.Release|x64.ActiveCfg = Release|x64
		{42EAD28E-E7B3-5481-C97D-98253061D959}.Release|x64.Build.0 = Release|x64
		{42EAD28E-E7B3-5481-C97D-98253061D959}.Release|Win32.ActiveCfg = Release|Win32
		{42EAD28E-E7B3-5481-C97D-98253061D959}.Release|Win32.Build.0 = Release|Win32
		{440459D3-A435-D36E-1190-024995E9D3FF}.Debug|x64.ActiveCfg = Debug|x64
		{440459D3-A435-D36E-1190-024995E9D3FF}.Debug|x64.Build.0 = Debug|x64
		{440459D3-A435-D36E-1190-024995E9D3FF}.Debug|Win32.ActiveCfg = Debug|Win32
		{440459D3-A435-D36E-1190-024995E9D3FF}.Debug|Win32.Build.0 = Debug|Win32
		{440459D3-A435-D36E-1190-024995E9D3FF}.Release|x64.ActiveCfg = Release|x64
		{440459D3-A435-D36E-1190-024995E9D3FF}.Release|x64.Build.0 = Release|x64
		{440459D3-A435-D36E-1190-024995E9D3FF}.Release|Win32.ActiveCfg = Release|Win32
		{440459D3-A435-D36E-1190-024995E9D3FF}.Release|Win32.Build.0 = Release|Win32
		{4841437C-C7AA-CE14-428B-BA11188EDFEC}.Debug|x64.ActiveCfg = Debug|x64
		{4841437C-C7AA-CE14-428B-BA11188EDFEC}.Debug|x64.Build.0 = Debug|x64
		{4841437C-C7AA-CE14-428B-BA11188EDFEC}.Debug|Win32.ActiveCfg = Debug|Win32
		{4841437C-C7AA-CE14-428B-BA11188EDFEC}.Debug|Win32.Build.0 = Debug|Win32
		{4841437C-C7AA-CE14-428B-BA11188EDFEC}.Release|x64.ActiveCfg = Release|x64
		{4841437C-C7AA-CE14-428B-BA11188EDFEC}.Release|x64.Build.0 = Release|x64
		{4841437C-C7AA-CE14-428B-BA11188EDFEC}.Release|Win32.ActiveCfg = Release|Win32
		{4841437C-C7AA-CE14-428B-BA11188EDFEC}.Release|Win32.Build.0 = Release|Win32
		{51AD22BC-B9E7-CD92-7F84-F7CAA9CD3402}.Debug|x64.ActiveCfg = Debug|x64
		{51AD22BC-B9E7-CD92-7F84-F7CAA9CD3402}.Debug|x64.Build.0 = Debug|x64
		{51AD22BC-B9E7-CD92-7F84-F7CAA9CD3402}.Debug|Win32.ActiveCfg = Debug|Win32
		{51AD22BC-B9E7-CD92-7F84-F7CAA9CD3402}.Debug|Win32.Build.0 = Debug|Win32
		{51AD22BC-B9E7-CD92-7F84-F7CAA9CD3402}.Release|x64.ActiveCfg = Release|x64
		{51AD22BC-B9E7-CD92-7F84-F7CAA9CD3402}.Release|x64.Build.0 = Release|x64
		{51AD22BC-B9E7-CD92-7F84-F7CAA9CD3402}.Release|Win32.ActiveCfg = Release|Win32
		{51AD22BC-B9E7-CD92-7F84-F7CAA9CD3402}.Release|Win32.Build.0 = Release|Win32
		{5701F317-696F-6C36-552C-B29AFCE623F9}.Debug|x64.ActiveCfg = Debug|x64
		{5701F317-696F-6C36-552C-B29AFCE623F9}.Debug|x64.Build.0 = Debug|x64
		{5701F317-696F-6C36-552C-B29AFCE623F9}.Debug|Win32.ActiveCfg = Debug|Win32
		{5701F317-696F-6C36-552C-B29AFCE623F9}.Debug|Win32.Build.0 = Debug|Win32
		{5701F317-696F-6C36-552C-B29AFCE623F9}.Release|x64.ActiveCfg = Release|x64
		{5701F317-696F-6C36-552C-B29AFCE623F9}.Release|x64.Build.0 = Release|x64
		{5701F317-696F-6C36-552C-B29AFCE623F9}.Release|Win32.ActiveCfg = Release|Win32
		{5701F317-696F-6C36-552C-B29AFCE623F9}.Release|Win32.Build.0 = Release|Win32
		{5E58C67E-C308-F3CA-157E-1458F10E4534}.Debug|x64.ActiveCfg = Debug|x64
		{5E58C67E-C308-F3CA-157E-1458F10E4534}.Debug|x64.Build.0 = Debug|x64
		{5E58C67E-C308-F3CA-157E-1458F10E4534}.Debug|Win32.ActiveCfg = Debug|x64
		{5E58C67E-C308-F3CA-157E-1458F10E4534}.Debug|Win32.Build.0 = Debug|x64
		{5E58C67E-C308-F3CA-157E-1458F10E4534}.Release|x64.ActiveCfg = Release|x64
		{5E58C67E-C308-F3CA-157E-1458F10E4534}.Release|x64.Build.0 = Release|x64
		{5E58C67E-C308-F3CA-157E-1458F10E4534}.Release|Win32.ActiveCfg = Release|x64
		{5E58C67E-C308-F3CA-157E-1458F10E4534}.Release|Win32.Build.0 = Release|x64
		{5EC60DAC-3532-5B50-C15D-C35F3C85ACA6}.Debug|x64.ActiveCfg = Debug|x64
		{5EC60DAC-3532-5B50-C15D-C35F3C85ACA6}.Debug|x64.Build.0 = Debug|x64
		{5EC60DAC-3532-5B50-C15D-C35F3C85ACA6}.Debug|Win32.ActiveCfg = Debug|x64
		{5EC60DAC-3532-5B50-C15D-C35F3C85ACA6}.Debug|Win32.Build.0 = Debug|x64
		{5EC60DAC-3532-5B50-C15D-C35F3C85ACA6}.Release|x64.ActiveCfg = Release|x64
		{5EC60DAC-3532-5B50-C15D-C35F3C85ACA6}.Release|x64.Build.0 = Release|x64
		{5EC60DAC-3532-5B50-C15D-C35F3C85ACA6}.Release|Win32.ActiveCfg = Release|x64
		{5EC60DAC-3532-5B50-C15D-C35F3C85ACA6}.Release|Win32.Build.0 = Release|x64
		{66ADC08C-DDCD-671A-4BBB-0DDEE6B53D6F}.Debug|x64.ActiveCfg = Debug|x64
		{66ADC08C-DDCD-671A-4BBB-0DDEE6B53D6F}.Debug|x64.Build.0 = Debug|x64
		{66ADC08C-DDCD-671A-4BBB-0DDEE6B53D6F}.Debug|Win32.ActiveCfg = Debug|x64
		{66ADC08C-DDCD-671A-4BBB-0DDEE6B53D6F}.Debug|Win32.Build.0 = Debug|x64
		{66ADC08C-DDCD-671A-4BBB-0DDEE6B53D6F}.Release|x64.ActiveCfg = Release|x64
		{66ADC08C-DDCD-671A-4BBB-0DDEE6B53D6F}.Release|x64.Build.0 = Release|x64
		{66ADC08C-DDCD-671A-4BBB-0DDEE6B53D6F}.Release|Win32.ActiveCfg = Release|x64
		{66ADC08C-DDCD-671A-4BBB-0DDEE6B53D6F}.Release|Win32.Build.0 = Release|x64
		{6A8C4EE1-15D3-2792-4A42-19BC5CD5469C}.Debug|x64.ActiveCfg = Debug|x64
		{6A8C4EE1-15D3-2792-4A42-19BC5CD5469C}.Debug|x64.Build.0 = Debug|x64
		{6A8C4EE1-15D3-2792-4A42-19BC5CD5469C}.Debug|Win32.ActiveCfg = Debug|Win32
		{6A8C4EE1-15D3-2792-4A42-19BC5CD5469C}.Debug|Win32.Build.0 = Debug|Win32
		{6A8C4EE1-15D3-2792-4A42-19BC5CD5469C}.Release|x64.ActiveCfg = Release|x64
		{6A8C4EE1-15D3-2792-4A42-19BC5CD5469C}.Release|x64.Build.0 = Release|x64
		{6A8C4EE1-15D3-2792-4A42-19BC5CD5469C}.Release|Win32.ActiveCfg = Release|Win32
		{6A8C4EE1-15D3-2792-4A42-19BC5CD5469C}.Release|Win32.Build.0 = Release|Win32
		{6CAF2881-D0EF-10ED-C0D5-6B6805AC1E85}.Debug|x64.ActiveCfg = Debug|x64
		{6CAF2881-D0EF-10ED-C0D5-6B6805AC1E85}.Debug|x64.Build.0 = Debug|x64
		{6CAF2881-D0EF-10ED-C0D5-6B6805AC1E85}.Debug|Win32.ActiveCfg = Debug|Win32
		{6CAF2881-D0EF-10ED-C0D5-6B6805AC1E85}.Debug|Win32.Build.0 = Debug|Win32
		{6CAF2881-D0EF-10ED-C0D5-6B6805AC1E85}.Release|x64.ActiveCfg = Release|x64
		{6CAF2881-D0EF-10ED-C0D5-6B6805AC1E85}.Release|x64.Build.0 = Release|x64
		{6CAF2881-D0EF-10ED-C0D5-6B6805AC1E85}.Release|Win32.ActiveCfg = Release|Win32
		{6CAF2881-D0EF-10ED-C0D5-6B6805AC1E85}.Release|Win32.Build.0 = Release|Win32
		{76C3688F-00DC-3AF6-6FCE-2945FBD9F8B1}.Debug|x64.ActiveCfg = Debug|x64
		{76C3688F-00DC-3AF6-6FCE-2945FBD9F8B1}.Debug|x64.Build.0 = Debug|x64
		{76C3688F-00DC-3AF6-6FCE-2945FBD9F8B1}.Debug|Win32.ActiveCfg = Debug|Win32
		{76C3688F-00DC-3AF6-6FCE-2945FBD9F8B1}.Debug|Win32.Build.0 = Debug|Win32
		{76C3688F-00DC-3AF6-6FCE-2945FBD9F8B1}.Release|x64.ActiveCfg = Release|x64
		{76C3688F-00DC-3AF6-6FCE-2945FBD9F8B1}.Release|x64.Build.0 = Release|x64
		{76C3688F-00DC-3AF6-6FCE-2945FBD9F8B1}.Release|Win32.ActiveCfg = Release|Win32
		{76C3688F-00DC-3AF6-6FCE-2945FBD9F8B1}.Release|Win32.Build.0 = Release|Win32
		{76D4FAE6-D6C2-2659-2ED3-66D295B2B966}.Debug|x64.ActiveCfg = Debug|x64
		{76D4FAE6-D6C2-2659-2ED3-66D295B2B966}.Debug|x64.Build.0 = Debug|x64
		{76D4FAE6-D6C2-2659-2ED3-66D295B2B966}.Debug|Win32.ActiveCfg = Debug|Win32
		{76D4FAE6-D6C2-2659-2ED3-66D295B2B966}.Debug|Win32.Build.0 = Debug|Win32
		{76D4FAE6-D6C2-2659-2ED3-66D295B2B966}.Release|x64.ActiveCfg = Release|x64
		{76D4FAE6-D6C2-2659-2ED3-66D295B2B966}.Release|x64.Build.0 = Release|x64
		{76D4FAE6-D6C2-2659-2ED3-66D295B2B966}.Release|Win32.ActiveCfg = Release|Win32
		{76D4FAE6-D6C2-2659-2ED3-66D295B2B966}.Release|Win32.Build.0 = Release|Win32
		{7EA8C9B8-9032-EC8A-6C26-25150B0DE758}.Debug|x64.ActiveCfg = Debug|x64
		{7EA8C9B8-9032-EC8A-6C26-25150B0DE758}.Debug|x64.Build.0 = Debug|x64
		{7EA8C9B8-9032-EC8A-6C26-25150B0DE758}.Debug|Win32.ActiveCfg = Debug|Win32
		{7EA8C9B8-9032-EC8A-6C26-25150B0DE758}.Debug|Win32.Build.0 = Debug|Win32
		{7EA8C9B8-9032-EC8A-6C26-25150B0DE758}.Release|x64.ActiveCfg = Release|x64
		{7EA8C9B8-9032-EC8A-6C26-25150B0DE758}.Release|x64.Build.0 = Release|x64
		{7EA8C9B8-9032-EC8A-6C26-25150B0DE758}.Release|Win32.ActiveCfg = Release|Win32
		{7EA8C9B8-9032-EC8A-6C26-25150B0DE758}.Release|Win32.Build.0 = Release|Win32
		{8DFF35A3-A4C4-F136-CAC7-F151744EE259}.Debug|x64.ActiveCfg = Debug|x64
		{8DFF35A3-A4C4-F136-CAC7-F151744EE259}.Debug|x64.Build.0 = Debug|x64
		{8DFF35A3-A4C4-F136-CAC7-F151744EE259}.Debug|Win32.ActiveCfg = Debug|x64
		{8DFF35A3-A4C4-F136-CAC7-F151744EE259}.Debug|Win32.Build.0 = Debug|x64
		{8DFF35A3-A4C4-F136-CAC7-F151744EE259}.Release|x64.ActiveCfg = Release|x64
		{8DFF35A3-A4C4-F136-CAC7-F151744EE259}.Release|x64.Build.0 = Release|x64
		{8DFF35A3-A4C4-F136-CAC7-F151744EE259}.Release|Win32.ActiveCfg = Release|x64
		{8DFF35A3-A4C4-F136-CAC7-F151744EE259}.Release|Win32.Build.0 = Release|x64
		{94F32D92-18ED-C445-A73F-A272AA083471}.Debug|x64.ActiveCfg = Debug|x64
		{94F32D92-18ED-C445-A73F-A272AA083471}.Debug|x64.Build.0 = Debug|x64
		{94F32D92-18ED-C445-A73F-A272AA083471}.Debug|Win32.ActiveCfg = Debug|Win32
		{94F32D92-18ED-C445-A73F-A272AA083471}.Debug|Win32.Build.0 = Debug|Win32
		{94F32D92-18ED-C445-A73F-A272AA083471}.Release|x64.ActiveCfg = Release|x64
		{94F32D92-18ED-C445-A73F-A272AA083471}.Release|x64.Build.0 = Release|x64
		{94F32D92-18ED-C445-A73F-A272AA083471}.Release|Win32.ActiveCfg = Release|Win32
		{94F32D92-18ED-C445-A73F-A272AA083471}.Release|Win32.Build.0 = Release|Win32
		{A1E9D1B8-7580-AABC-122A-668A6B9FC44E}.Debug|x64.ActiveCfg = Debug|x64
		{A1E9D1B8-7580-AABC-122A-668A6B9FC44E}.Debug|x64.Build.0 = Debug|x64
		{A1E9D1B8-7580-AABC-122A-668A6B9FC44E}.Debug|Win32.ActiveCfg = Debug|x64
		{A1E9D1B8-7580-AABC-122A-668A6B9FC44E}.Debug|Win32.Build.0 = Debug|x64
		{A1E9D1B8-7580-AABC-122A-668A6B9FC44E}.Release|x64.ActiveCfg = Release|x64
		{A1E9D1B8-7580-AABC-122A-668A6B9FC44E}.Release|x64.Build.0 = Release|x64
		{A1E9D1B8-7580-AABC-122A-668A6B9FC44E}.Release|Win32.ActiveCfg = Release|x64
		{A1E9D1B8-7580-AABC-122A-668A6B9FC44E}.Release|Win32.Build.0 = Release|x64
		{A81EAFA6-6B41-D296-0315-97679AA8BEA8}.Debug|x64.ActiveCfg = Debug|x64
		{A81EAFA6-6B41-D296-0315-97679AA8BEA8}.Debug|x64.Build.0 = Debug|x64
		{A81EAFA6-6B41-D296-0315-97679AA8BEA8}.Debug|Win32.ActiveCfg = Debug|Win32
		{A81EAFA6-6B41-D296-0315-97679AA8BEA8}.Debug|Win32.Build.0 = Debug|Win32
		{A81EAFA6-6B41-D296-0315-97679AA8BEA8}.Release|x64.ActiveCfg = Release|x64
		{A81EAFA6-6B41-D296-0315-97679AA8BEA8}.Release|x64.Build.0 = Release|x64
		{A81EAFA6-6B41-D296-0315-97679AA8BEA8}.Release|Win32.ActiveCfg = Release|Win32
		{A81EAFA6-6B41-D296-0315-97679AA8BEA8}.Release|Win32.Build.0 = Release|Win32
		{B3688145-26DC-CD50-AAB2-2EC5CA85EC89}.Debug|x64.ActiveCfg = Debug|x64
		{B3688145-26DC-CD50-AAB2-2EC5CA85EC89}.Debug|x64.Build.0 = Debug|x64
		{B3688145-26DC-CD50-AAB2-2EC5CA85EC89}.Debug|Win32.ActiveCfg = Debug|Win32
		{B3688145-26DC-CD50-AAB2-2EC5CA85EC89}.Debug|Win32.Build.0 = Debug|Win32
		{B3688145-26DC-CD50-AAB2-2EC5CA85EC89}.Release|x64.ActiveCfg = Release|x64
		{B3688145-26DC-CD50-AAB2-2EC5CA85EC89}.Release|x64.Build.0 = Release|x64
		{B3688145-26DC-CD50-AAB2-2EC5CA85EC89}.Release|Win32.ActiveCfg = Release|Win32
		{B3688145-26DC-CD50-AAB2-2EC5CA85EC89}.Release|Win32.Build.0 = Release|Win32
		{C1862796-B7C4-4F42-4F55-59342A6B8C4B}.Debug|x64.ActiveCfg = Debug|x64
		{C1862796-B7C4-4F42-4F55-59342A6B8C4B}.Debug|x64.Build.0 = Debug|x64
		{C1862796-B7C4-4F42-4F55-59342A6B8C4B}.Debug|Win32.ActiveCfg = Debug|x64
		{C1862796-B7C4-4F42-4F55-59342A6B8C4B}.Debug|Win32.Build.0 = Debug|x64
		{C1862796-B7C4-4F42-4F55-59342A6B8C4B}.Release|x64.ActiveCfg = Release|x64
		{C1862796-B7C4-4F42-4F55-59342A6B8C4B}.Release|x64.Build.0 = Release|x64
		{C1862796-B7C4-4F42-4F55-59342A6B8C4B}.Release|Win32.ActiveCfg = Release|x64
		{C1862796-B7C4-4F42-4F55-59342A6B8C4B}.Release|Win32.Build.0 = Release|x64
		{C297E08B-6ADE-DBC0-C8B3-229187ECCAD7}.Debug|x64.ActiveCfg = Debug|x64
		{C297E08B-6ADE-DBC0-C8B3-229187ECCAD7}.Debug|x64.Build.0 = Debug|x64
		{C297E08B-6ADE-DBC0-C8B3-229187ECCAD7}.Debug|Win32.ActiveCfg = Debug|Win32
		{C297E08B-6ADE-DBC0-C8B3-229187ECCAD7}.Debug|Win32.Build.0 = Debug|Win32
		{C297E08B-6ADE-DBC0-C8B3-229187ECCAD7}.Release|x64.ActiveCfg = Release|x64
		{C297E08B-6ADE-DBC0-C8B3-229187ECCAD7}.Release|x64.Build.0 = Release|x64
		{C297E08B-6ADE-DBC0-C8B3-229187ECCAD7}.Release|Win32.ActiveCfg = Release|Win32
		{C297E08B-6ADE-DBC0-C8B3-229187ECCAD7}.Release|Win32.Build.0 = Release|Win32
		{C2DB81B5-8D43-0AAA-FD91-898186909772}.Debug|x64.ActiveCfg = Debug|x64
		{C2DB81B5-8D43-0AAA-FD91-898186909772}.Debug|x64.Build.0 = Debug|x64
		{C2DB81B5-8D43-0AAA-FD91-898186909772}.Debug|Win32.ActiveCfg = Debug|Win32
		{C2DB81B5-8D43-0AAA-FD91-898186909772}.Debug|Win32.Build.0 = Debug|Win32
		{C2DB81B5-8D43-0AAA-FD91-898186909772}.Release|x64.ActiveCfg = Release|x64
		{C2DB81B5-8D43-0AAA-FD91-898186909772}.Release|x64.Build.0 = Release|x64
		{C2DB81B5-8D43-0AAA-FD91-898186909772}.Release|Win32.ActiveCfg = Release|Win32
		{C2DB81B5-8D43-0AAA-FD91-898186909772}.Release|Win32.Build.0 = Release|Win32
		{C650C332-E523-96BC-D814-7530CBCC614C}.Debug|x64.ActiveCfg = Debug|x64
		{C650C332-E523-96BC-D814-7530CBCC614C}.Debug|x64.Build.0 = Debug|x64
		{C650C332-E523-96BC-D814-7530CBCC614C}.Debug|Win32.ActiveCfg = Debug|Win32
		{C650C332-E523-96BC-D814-7530CBCC614C}.Debug|Win32.Build.0 = Debug|Win32
		{C650C332-E523-96BC-D814-7530CBCC614C}.Release|x64.ActiveCfg = Release|x64
		{C650C332-E523-96BC-D814-7530CBCC614C}.Release|x64.Build.0 = Release|x64
		{C650C332-E523-96BC-D814-7530CBCC614C}.Release|Win32.ActiveCfg = Release|Win32
		{C650C332-E523-96BC-D814-7530CBCC614C}.Release|Win32.Build.0 = Release|Win32
		{D143EB36-0B18-E9D9-C8B7-53D0081876AA}.Debug|x64.ActiveCfg = Debug|x64
		{D143EB36-0B18-E9D9-C8B7-53D0081876AA}.Debug|x64.Build.0 = Debug|x64
		{D143EB36-0B18-E9D9-C8B7-53D0081876AA}.Debug|Win32.ActiveCfg = Debug|Win32
		{D143EB36-0B18-E9D9-C8B7-53D0081876AA}.Debug|Win32.Build.0 = Debug|Win32
		{D143EB36-0B18-E9D9-C8B7-53D0081876AA}.Release|x64.ActiveCfg = Release|x64
		{D143EB36-0B18-E9D9-C8B7-53D0081876AA}.Release|x64.Build.0 = Release|x64
		{D143EB36-0B18-E9D9-C8B7-53D0081876AA}.Release|Win32.ActiveCfg = Release|Win32
		{D143EB36-0B18-E9D9-C8B7-53D0081876AA}.Release|Win32.Build.0 = Release|Win32
		{D8F3E04C-D8AD-E24D-6088-121B5B085886}.Debug|x64.ActiveCfg = Debug|x64
		{D8F3E04C-D8AD-E24D-6088-121B5B085886}.Debug|x64.Build.0 = Debug|x64
		{D8F3E04C-D8AD-E24D-6088-121B5B085886}.Debug|Win32.ActiveCfg = Debug|Win32
		{D8F3E04C-D8AD-E24D-6088-121B5B085886}.Debug|Win32.Build.0 = Debug|Win32
		{D8F3E04C-D8AD-E24D-6088-121B5B085886}.Release|x64.ActiveCfg = Release|x64
		{D8F3E04C-D8AD-E24D-6088-121B5B085886}.Release|x64.Build.0 = Release|x64
		{D8F3E04C-D8AD-E24D-6088-121B5B085886}.Release|Win32.ActiveCfg = Release|Win32
		{D8F3E04C-D8AD-E24D-6088-121B5B085886}.Release|Win32.Build.0 = Release|Win32
		{E33C9BB1-1F17-82FE-CA5A-A4D7599CDB4B}.Debug|x64.ActiveCfg = Debug|x64
		{E33C9BB1-1F17-82FE-CA5A-A4D7599CDB4B}.Debug|x64.Build.0 = Debug|x64
		{E33C9BB1-1F17-82FE-CA5A-A4D7599CDB4B}.Debug|Win32.ActiveCfg = Debug|Win32
		{E33C9BB1-1F17-82FE-CA5A-A4D7599CDB4B}.Debug|Win32.Build.0 = Debug|Win32
		{E33C9BB1-1F17-82FE-CA5A-A4D7599CDB4B}.Release|x64.ActiveCfg = Release|x64
		{E33C9BB1-1F17-82FE-CA5A-A4D7599CDB4B}.Release|x64.Build.0 = Release|x64
		{E33C9BB1-1F17-82FE-CA5A-A4D7599CDB4B}.Release|Win32.ActiveCfg = Release|Win32
		{E33C9BB1-1F17-82FE-CA5A-A4D7599CDB4B}.Release|Win32.Build.0 = Release|Win32
		{ECF8B38B-EAB8-1171-429A-72EA0D5D8C53}.Debug|x64.ActiveCfg = Debug|x64
		{ECF8B38B-EAB8-1171-429A-72EA0D5D8C53}.Debug|x64.Build.0 = Debug|x64
		{ECF8B38B-EAB8-1171-429A-72EA0D5D8C53}.Debug|Win32.ActiveCfg = Debug|Win32
		{ECF8B38B-EAB8-1171-429A-72EA0D5D8C53}.Debug|Win32.Build.0 = Debug|Win32
		{ECF8B38B-EAB8-1171-429A-72EA0D5D8C53}.Release|x64.ActiveCfg = Release|x64
		{ECF8B38B-EAB8-1171-429A-72EA0D5D8C53}.Release|x64.Build.0 = Release|x64
		{ECF8B38B-EAB8-1171-429A-72EA0D5D8C53}.Release|Win32.ActiveCfg = Release|Win32
		{ECF8B38B-EAB8-1171-429A-72EA0D5D8C53}.Release|Win32.Build.0 = Release|Win32
		{EF55C498-A63B-025C-F611-21E09ADC010B}.Debug|x64.ActiveCfg = Debug|x64
		{EF55C498-A63B-025C-F611-21E09ADC010B}.Debug|x64.Build.0 = Debug|x64
		{EF55C498-A63B-025C-F611-21E09ADC010B}.Debug|Win32.ActiveCfg = Debug|Win32
		{EF55C498-A63B-025C-F611-21E09ADC010B}.Debug|Win32.Build.0 = Debug|Win32
		{EF55C498-A63B-025C-F611-21E09ADC010B}.Release|x64.ActiveCfg = Release|x64
		{EF55C498-A63B-025C-F611-21E09ADC010B}.Release|x64.Build.0 = Release|x64
		{EF55C498-A63B-025C-F611-21E09ADC010B}.Release|Win32.ActiveCfg = Release|Win32
		{EF55C498-A63B-025C-F611-21E09ADC010B}.Release|Win32.Build.0 = Release|Win32
	EndGlobalSection
	GlobalSection(SolutionProperties) = preSolution
		HideSolutionNode = FALSE
	EndGlobalSection
	GlobalSection(NestedProjects) = preSolution
		{2EFAF077-CDB1-EF96-9C1B-8CA76202A665} = {6478B9F3-4858-63F4-35F4-98A303E305F3}
		{5E58C67E-C308-F3CA-157E-1458F10E4534} = {6478B9F3-4858-63F4-35F4-98A303E305F3}
		{6478B9F3-4858-63F4-35F4-98A303E305F3} = {9785FB75-982A-5DE3-252D-3F288B9FEF5B}
		{3E7FA5AF-27B3-2DE0-883C-12F98E7F4E81} = {9785FB75-982A-5DE3-252D-3F288B9FEF5B}
		{EBB3592A-71A2-0FDD-CA21-AF40809EFD2A} = {9785FB75-982A-5DE3-252D-3F288B9FEF5B}
		{42EAD28E-E7B3-5481-C97D-98253061D959} = {9785FB75-982A-5DE3-252D-3F288B9FEF5B}
		{421C7B06-9F73-ACD1-989A-BB8A8C5EBCFD} = {9785FB75-982A-5DE3-252D-3F288B9FEF5B}
		{A1E9D1B8-7580-AABC-122A-668A6B9FC44E} = {9785FB75-982A-5DE3-252D-3F288B9FEF5B}
		{E33C9BB1-1F17-82FE-CA5A-A4D7599CDB4B} = {9785FB75-982A-5DE3-252D-3F288B9FEF5B}
		{3797413F-7C8B-425B-9584-66B9A329E392} = {9785FB75-982A-5DE3-252D-3F288B9FEF5B}
		{76D4FAE6-D6C2-2659-2ED3-66D295B2B966} = {9785FB75-982A-5DE3-252D-3F288B9FEF5B}
		{39429DF0-CB00-F6E0-66E9-BC97FFFD4ABF} = {9785FB75-982A-5DE3-252D-3F288B9FEF5B}
		{C650C332-E523-96BC-D814-7530CBCC614C} = {9785FB75-982A-5DE3-252D-3F288B9FEF5B}
		{6A8C4EE1-15D3-2792-4A42-19BC5CD5469C} = {9785FB75-982A-5DE3-252D-3F288B9FEF5B}
		{8DFF35A3-A4C4-F136-CAC7-F151744EE259} = {9785FB75-982A-5DE3-252D-3F288B9FEF5B}
		{C2DB81B5-8D43-0AAA-FD91-898186909772} = {9785FB75-982A-5DE3-252D-3F288B9FEF5B}
		{29FF64F0-4217-3A30-D760-39AFCFF8D137} = {9785FB75-982A-5DE3-252D-3F288B9FEF5B}
		{C1862796-B7C4-4F42-4F55-59342A6B8C4B} = {9785FB75-982A-5DE3-252D-3F288B9FEF5B}
		{A81EAFA6-6B41-D296-0315-97679AA8BEA8} = {9785FB75-982A-5DE3-252D-3F288B9FEF5B}
		{5701F317-696F-6C36-552C-B29AFCE623F9} = {9785FB75-982A-5DE3-252D-3F288B9FEF5B}
		{76C3688F-00DC-3AF6-6FCE-2945FBD9F8B1} = {9785FB75-982A-5DE3-252D-3F288B9FEF5B}
		{0C5C4A0B-75DE-BD39-DC88-E5CE3E29EDE2} = {9785FB75-982A-5DE3-252D-3F288B9FEF5B}
		{D143EB36-0B18-E9D9-C8B7-53D0081876AA} = {9785FB75-982A-5DE3-252D-3F288B9FEF5B}
		{B3688145-26DC-CD50-AAB2-2EC5CA85EC89} = {9785FB75-982A-5DE3-252D-3F288B9FEF5B}
		{51AD22BC-B9E7-CD92-7F84-F7CAA9CD3402} = {9785FB75-982A-5DE3-252D-3F288B9FEF5B}
		{C297E08B-6ADE-DBC0-C8B3-229187ECCAD7} = {9785FB75-982A-5DE3-252D-3F288B9FEF5B}
		{4841437C-C7AA-CE14-428B-BA11188EDFEC} = {EF1E4970-C119-B0D7-F5D6-321C6AE66EDC}
		{66ADC08C-DDCD-671A-4BBB-0DDEE6B53D6F} = {EF1E4970-C119-B0D7-F5D6-321C6AE66EDC}
		{2C176693-71D1-6CF6-B49F-79329B5B5993} = {2DE59335-96CE-10CA-CDE5-FEC35E3549BB}
		{D8F3E04C-D8AD-E24D-6088-121B5B085886} = {2DE59335-96CE-10CA-CDE5-FEC35E3549BB}
		{440459D3-A435-D36E-1190-024995E9D3FF} = {2DE59335-96CE-10CA-CDE5-FEC35E3549BB}
		{94F32D92-18ED-C445-A73F-A272AA083471} = {2DE59335-96CE-10CA-CDE5-FEC35E3549BB}
		{ECF8B38B-EAB8-1171-429A-72EA0D5D8C53} = {3DC53144-5334-1B74-C233-23BEE3D8EABD}
		{5EC60DAC-3532-5B50-C15D-C35F3C85ACA6} = {3DC53144-5334-1B74-C233-23BEE3D8EABD}
		{3B3776D3-1151-A585-CF92-2233DA36B76F} = {EAC80D00-01D2-3F49-A377-20B7154947F3}
		{2DEBD7FC-8EA2-2F82-6828-B046251651C7} = {EAC80D00-01D2-3F49-A377-20B7154947F3}
		{EF55C498-A63B-025C-F611-21E09ADC010B} = {EAC80D00-01D2-3F49-A377-20B7154947F3}
		{EF1E4970-C119-B0D7-F5D6-321C6AE66EDC} = {3E7FA5AF-27B3-2DE0-883C-12F98E7F4E81}
		{2DE59335-96CE-10CA-CDE5-FEC35E3549BB} = {89C816A7-DD31-D54C-C69C-5A80E0C49B77}
		{3DC53144-5334-1B74-C233-23BEE3D8EABD} = {89C816A7-DD31-D54C-C69C-5A80E0C49B77}
		{6569004D-CCF6-8392-DB7B-1AC825CE3607} = {89C816A7-DD31-D54C-C69C-5A80E0C49B77}
		{065F8287-0185-8B11-365E-CEA1040C0E0A} = {89C816A7-DD31-D54C-C69C-5A80E0C49B77}
		{6CAF2881-D0EF-10ED-C0D5-6B6805AC1E85} = {EBB3592A-71A2-0FDD-CA21-AF40809EFD2A}
		{29FBEB5D-834F-E1AC-A27D-51DB627529EF} = {6569004D-CCF6-8392-DB7B-1AC825CE3607}
		{7EA8C9B8-9032-EC8A-6C26-25150B0DE758} = {6569004D-CCF6-8392-DB7B-1AC825CE3607}
	EndGlobalSection
EndGlobal
